// !$*UTF8*$!
{
	archiveVersion = 1;
	classes = {
	};
	objectVersion = 51;
	objects = {

/* Begin PBXBuildFile section */
		00ECD81F74E696D80D8FB459 /* Pods_SpeezyTests.framework in Frameworks */ = {isa = PBXBuildFile; fileRef = A004AD9738A08EB3DC671EBB /* Pods_SpeezyTests.framework */; };
		94454CFB332F7797FE84738E /* Pods_Speezy.framework in Frameworks */ = {isa = PBXBuildFile; fileRef = F71429DDB4953F7C3622682B /* Pods_Speezy.framework */; };
		BE4F988B2480F7CF00B1AE8B /* twitter.png in Resources */ = {isa = PBXBuildFile; fileRef = BE4F988A2480F7CE00B1AE8B /* twitter.png */; };
		BE50344924BA4D2C00A414D1 /* AudioContext.swift in Sources */ = {isa = PBXBuildFile; fileRef = BE50344824BA4D2C00A414D1 /* AudioContext.swift */; };
		BE50344B24BA4D5200A414D1 /* AudioLevelGenerator.swift in Sources */ = {isa = PBXBuildFile; fileRef = BE50344A24BA4D5200A414D1 /* AudioLevelGenerator.swift */; };
		BE50344D24BB21FD00A414D1 /* LargeSoundwaveView.xib in Resources */ = {isa = PBXBuildFile; fileRef = BE50344C24BB21FD00A414D1 /* LargeSoundwaveView.xib */; };
		BE50344F24BB25DA00A414D1 /* LargeSoundwaveView.swift in Sources */ = {isa = PBXBuildFile; fileRef = BE50344E24BB25DA00A414D1 /* LargeSoundwaveView.swift */; };
		BE50345124BB9C6C00A414D1 /* TrimmableSoundwaveView.xib in Resources */ = {isa = PBXBuildFile; fileRef = BE50345024BB9C6C00A414D1 /* TrimmableSoundwaveView.xib */; };
		BE50345324BB9C7600A414D1 /* TrimmableSoundwaveView.swift in Sources */ = {isa = PBXBuildFile; fileRef = BE50345224BB9C7600A414D1 /* TrimmableSoundwaveView.swift */; };
		BE50346224BDFCA900A414D1 /* AudioManager.swift in Sources */ = {isa = PBXBuildFile; fileRef = BE50346124BDFCA900A414D1 /* AudioManager.swift */; };
		BE50346524BE02B900A414D1 /* AudioItem.swift in Sources */ = {isa = PBXBuildFile; fileRef = BE50346424BE02B900A414D1 /* AudioItem.swift */; };
		BE50346824BE02CE00A414D1 /* AudioManagerObserver.swift in Sources */ = {isa = PBXBuildFile; fileRef = BE50346724BE02CE00A414D1 /* AudioManagerObserver.swift */; };
		BE792707247EE55F0079652C /* AppDelegate.swift in Sources */ = {isa = PBXBuildFile; fileRef = BE792706247EE55F0079652C /* AppDelegate.swift */; };
		BE792709247EE55F0079652C /* SceneDelegate.swift in Sources */ = {isa = PBXBuildFile; fileRef = BE792708247EE55F0079652C /* SceneDelegate.swift */; };
		BE79270B247EE55F0079652C /* ViewController.swift in Sources */ = {isa = PBXBuildFile; fileRef = BE79270A247EE55F0079652C /* ViewController.swift */; };
		BE79270E247EE55F0079652C /* Main.storyboard in Resources */ = {isa = PBXBuildFile; fileRef = BE79270C247EE55F0079652C /* Main.storyboard */; };
		BE792710247EE5610079652C /* Assets.xcassets in Resources */ = {isa = PBXBuildFile; fileRef = BE79270F247EE5610079652C /* Assets.xcassets */; };
		BE792713247EE5610079652C /* LaunchScreen.storyboard in Resources */ = {isa = PBXBuildFile; fileRef = BE792711247EE5610079652C /* LaunchScreen.storyboard */; };
		BE79271E247EE5610079652C /* SpeezyTests.swift in Sources */ = {isa = PBXBuildFile; fileRef = BE79271D247EE5610079652C /* SpeezyTests.swift */; };
		BEAACE8024B9C1B00074E4B9 /* speezy.png in Resources */ = {isa = PBXBuildFile; fileRef = BEAACE7F24B9C1B00074E4B9 /* speezy.png */; };
		BEAACE8624BA04E30074E4B9 /* AudioEditingViewController.swift in Sources */ = {isa = PBXBuildFile; fileRef = BEAACE8524BA04E30074E4B9 /* AudioEditingViewController.swift */; };
		BEAACE8E24BA155F0074E4B9 /* test.m4a in Resources */ = {isa = PBXBuildFile; fileRef = BEAACE8D24BA155F0074E4B9 /* test.m4a */; };
		BEAACE9024BA1C270074E4B9 /* AudioEditor.swift in Sources */ = {isa = PBXBuildFile; fileRef = BEAACE8F24BA1C270074E4B9 /* AudioEditor.swift */; };
		BEBFD4AC24C58D3800200D87 /* AudioVisualizationView.swift in Sources */ = {isa = PBXBuildFile; fileRef = BEBFD4A924C58D3800200D87 /* AudioVisualizationView.swift */; };
		BEBFD4AD24C58D3800200D87 /* AudioVisualizationView.xib in Resources */ = {isa = PBXBuildFile; fileRef = BEBFD4AA24C58D3800200D87 /* AudioVisualizationView.xib */; };
		BEBFD4AE24C58D3800200D87 /* BaseNibView.swift in Sources */ = {isa = PBXBuildFile; fileRef = BEBFD4AB24C58D3800200D87 /* BaseNibView.swift */; };
		BEBFD4B024C58EF800200D87 /* testFile.m4a in Resources */ = {isa = PBXBuildFile; fileRef = BEBFD4AF24C58EF800200D87 /* testFile.m4a */; };
		BEBFD4B224C5916D00200D87 /* testFile2.m4a in Resources */ = {isa = PBXBuildFile; fileRef = BEBFD4B124C5916D00200D87 /* testFile2.m4a */; };
		BEBFD4B424C595F800200D87 /* TimelineView.swift in Sources */ = {isa = PBXBuildFile; fileRef = BEBFD4B324C595F800200D87 /* TimelineView.swift */; };
		BEBFD4B824C59EE900200D87 /* AudioRecorder.swift in Sources */ = {isa = PBXBuildFile; fileRef = BEBFD4B724C59EE900200D87 /* AudioRecorder.swift */; };
		BEBFD4BA24C5A23700200D87 /* AudioPlayer.swift in Sources */ = {isa = PBXBuildFile; fileRef = BEBFD4B924C5A23700200D87 /* AudioPlayer.swift */; };
		BEF0ECB424BF94A400B9D554 /* UIView+Shadow.swift in Sources */ = {isa = PBXBuildFile; fileRef = BEF0ECB324BF94A400B9D554 /* UIView+Shadow.swift */; };
/* End PBXBuildFile section */

/* Begin PBXContainerItemProxy section */
		BE79271A247EE5610079652C /* PBXContainerItemProxy */ = {
			isa = PBXContainerItemProxy;
			containerPortal = BE7926FB247EE55F0079652C /* Project object */;
			proxyType = 1;
			remoteGlobalIDString = BE792702247EE55F0079652C;
			remoteInfo = Speezy;
		};
/* End PBXContainerItemProxy section */

/* Begin PBXFileReference section */
		09DA04407E481FEBE52FEC1E /* Pods-SpeezyTests.release.xcconfig */ = {isa = PBXFileReference; includeInIndex = 1; lastKnownFileType = text.xcconfig; name = "Pods-SpeezyTests.release.xcconfig"; path = "Target Support Files/Pods-SpeezyTests/Pods-SpeezyTests.release.xcconfig"; sourceTree = "<group>"; };
		0C9D8D96E584A10ABE2B3B59 /* Pods-SpeezyTests.debug.xcconfig */ = {isa = PBXFileReference; includeInIndex = 1; lastKnownFileType = text.xcconfig; name = "Pods-SpeezyTests.debug.xcconfig"; path = "Target Support Files/Pods-SpeezyTests/Pods-SpeezyTests.debug.xcconfig"; sourceTree = "<group>"; };
		3D45BDB346AA201D63840DD4 /* Pods-Speezy.release.xcconfig */ = {isa = PBXFileReference; includeInIndex = 1; lastKnownFileType = text.xcconfig; name = "Pods-Speezy.release.xcconfig"; path = "Target Support Files/Pods-Speezy/Pods-Speezy.release.xcconfig"; sourceTree = "<group>"; };
		86CD793C347B4292285E0E0E /* Pods-Speezy.debug.xcconfig */ = {isa = PBXFileReference; includeInIndex = 1; lastKnownFileType = text.xcconfig; name = "Pods-Speezy.debug.xcconfig"; path = "Target Support Files/Pods-Speezy/Pods-Speezy.debug.xcconfig"; sourceTree = "<group>"; };
		A004AD9738A08EB3DC671EBB /* Pods_SpeezyTests.framework */ = {isa = PBXFileReference; explicitFileType = wrapper.framework; includeInIndex = 0; path = Pods_SpeezyTests.framework; sourceTree = BUILT_PRODUCTS_DIR; };
		BE4F988A2480F7CE00B1AE8B /* twitter.png */ = {isa = PBXFileReference; lastKnownFileType = image.png; path = twitter.png; sourceTree = "<group>"; };
		BE50344824BA4D2C00A414D1 /* AudioContext.swift */ = {isa = PBXFileReference; lastKnownFileType = sourcecode.swift; path = AudioContext.swift; sourceTree = "<group>"; };
		BE50344A24BA4D5200A414D1 /* AudioLevelGenerator.swift */ = {isa = PBXFileReference; lastKnownFileType = sourcecode.swift; path = AudioLevelGenerator.swift; sourceTree = "<group>"; };
		BE50344C24BB21FD00A414D1 /* LargeSoundwaveView.xib */ = {isa = PBXFileReference; lastKnownFileType = file.xib; path = LargeSoundwaveView.xib; sourceTree = "<group>"; };
		BE50344E24BB25DA00A414D1 /* LargeSoundwaveView.swift */ = {isa = PBXFileReference; lastKnownFileType = sourcecode.swift; path = LargeSoundwaveView.swift; sourceTree = "<group>"; };
		BE50345024BB9C6C00A414D1 /* TrimmableSoundwaveView.xib */ = {isa = PBXFileReference; lastKnownFileType = file.xib; path = TrimmableSoundwaveView.xib; sourceTree = "<group>"; };
		BE50345224BB9C7600A414D1 /* TrimmableSoundwaveView.swift */ = {isa = PBXFileReference; lastKnownFileType = sourcecode.swift; path = TrimmableSoundwaveView.swift; sourceTree = "<group>"; };
		BE50346124BDFCA900A414D1 /* AudioManager.swift */ = {isa = PBXFileReference; lastKnownFileType = sourcecode.swift; path = AudioManager.swift; sourceTree = "<group>"; };
		BE50346424BE02B900A414D1 /* AudioItem.swift */ = {isa = PBXFileReference; lastKnownFileType = sourcecode.swift; path = AudioItem.swift; sourceTree = "<group>"; };
		BE50346724BE02CE00A414D1 /* AudioManagerObserver.swift */ = {isa = PBXFileReference; lastKnownFileType = sourcecode.swift; path = AudioManagerObserver.swift; sourceTree = "<group>"; };
		BE792703247EE55F0079652C /* Speezy.app */ = {isa = PBXFileReference; explicitFileType = wrapper.application; includeInIndex = 0; path = Speezy.app; sourceTree = BUILT_PRODUCTS_DIR; };
		BE792706247EE55F0079652C /* AppDelegate.swift */ = {isa = PBXFileReference; lastKnownFileType = sourcecode.swift; path = AppDelegate.swift; sourceTree = "<group>"; };
		BE792708247EE55F0079652C /* SceneDelegate.swift */ = {isa = PBXFileReference; lastKnownFileType = sourcecode.swift; path = SceneDelegate.swift; sourceTree = "<group>"; };
		BE79270A247EE55F0079652C /* ViewController.swift */ = {isa = PBXFileReference; lastKnownFileType = sourcecode.swift; path = ViewController.swift; sourceTree = "<group>"; };
		BE79270D247EE55F0079652C /* Base */ = {isa = PBXFileReference; lastKnownFileType = file.storyboard; name = Base; path = Base.lproj/Main.storyboard; sourceTree = "<group>"; };
		BE79270F247EE5610079652C /* Assets.xcassets */ = {isa = PBXFileReference; lastKnownFileType = folder.assetcatalog; path = Assets.xcassets; sourceTree = "<group>"; };
		BE792712247EE5610079652C /* Base */ = {isa = PBXFileReference; lastKnownFileType = file.storyboard; name = Base; path = Base.lproj/LaunchScreen.storyboard; sourceTree = "<group>"; };
		BE792714247EE5610079652C /* Info.plist */ = {isa = PBXFileReference; lastKnownFileType = text.plist.xml; path = Info.plist; sourceTree = "<group>"; };
		BE792719247EE5610079652C /* SpeezyTests.xctest */ = {isa = PBXFileReference; explicitFileType = wrapper.cfbundle; includeInIndex = 0; path = SpeezyTests.xctest; sourceTree = BUILT_PRODUCTS_DIR; };
		BE79271D247EE5610079652C /* SpeezyTests.swift */ = {isa = PBXFileReference; lastKnownFileType = sourcecode.swift; path = SpeezyTests.swift; sourceTree = "<group>"; };
		BE79271F247EE5610079652C /* Info.plist */ = {isa = PBXFileReference; lastKnownFileType = text.plist.xml; path = Info.plist; sourceTree = "<group>"; };
		BEAACE7F24B9C1B00074E4B9 /* speezy.png */ = {isa = PBXFileReference; lastKnownFileType = image.png; path = speezy.png; sourceTree = "<group>"; };
		BEAACE8524BA04E30074E4B9 /* AudioEditingViewController.swift */ = {isa = PBXFileReference; lastKnownFileType = sourcecode.swift; path = AudioEditingViewController.swift; sourceTree = "<group>"; };
		BEAACE8D24BA155F0074E4B9 /* test.m4a */ = {isa = PBXFileReference; lastKnownFileType = file; path = test.m4a; sourceTree = "<group>"; };
		BEAACE8F24BA1C270074E4B9 /* AudioEditor.swift */ = {isa = PBXFileReference; lastKnownFileType = sourcecode.swift; path = AudioEditor.swift; sourceTree = "<group>"; };
		BEBFD4A924C58D3800200D87 /* AudioVisualizationView.swift */ = {isa = PBXFileReference; fileEncoding = 4; lastKnownFileType = sourcecode.swift; path = AudioVisualizationView.swift; sourceTree = "<group>"; };
		BEBFD4AA24C58D3800200D87 /* AudioVisualizationView.xib */ = {isa = PBXFileReference; fileEncoding = 4; lastKnownFileType = file.xib; path = AudioVisualizationView.xib; sourceTree = "<group>"; };
		BEBFD4AB24C58D3800200D87 /* BaseNibView.swift */ = {isa = PBXFileReference; fileEncoding = 4; lastKnownFileType = sourcecode.swift; path = BaseNibView.swift; sourceTree = "<group>"; };
		BEBFD4AF24C58EF800200D87 /* testFile.m4a */ = {isa = PBXFileReference; lastKnownFileType = file; path = testFile.m4a; sourceTree = "<group>"; };
		BEBFD4B124C5916D00200D87 /* testFile2.m4a */ = {isa = PBXFileReference; lastKnownFileType = file; path = testFile2.m4a; sourceTree = "<group>"; };
		BEBFD4B324C595F800200D87 /* TimelineView.swift */ = {isa = PBXFileReference; lastKnownFileType = sourcecode.swift; path = TimelineView.swift; sourceTree = "<group>"; };
		BEBFD4B724C59EE900200D87 /* AudioRecorder.swift */ = {isa = PBXFileReference; lastKnownFileType = sourcecode.swift; path = AudioRecorder.swift; sourceTree = "<group>"; };
		BEBFD4B924C5A23700200D87 /* AudioPlayer.swift */ = {isa = PBXFileReference; lastKnownFileType = sourcecode.swift; path = AudioPlayer.swift; sourceTree = "<group>"; };
		BEF0ECB324BF94A400B9D554 /* UIView+Shadow.swift */ = {isa = PBXFileReference; lastKnownFileType = sourcecode.swift; path = "UIView+Shadow.swift"; sourceTree = "<group>"; };
		F71429DDB4953F7C3622682B /* Pods_Speezy.framework */ = {isa = PBXFileReference; explicitFileType = wrapper.framework; includeInIndex = 0; path = Pods_Speezy.framework; sourceTree = BUILT_PRODUCTS_DIR; };
/* End PBXFileReference section */

/* Begin PBXFrameworksBuildPhase section */
		BE792700247EE55F0079652C /* Frameworks */ = {
			isa = PBXFrameworksBuildPhase;
			buildActionMask = 2147483647;
			files = (
				94454CFB332F7797FE84738E /* Pods_Speezy.framework in Frameworks */,
			);
			runOnlyForDeploymentPostprocessing = 0;
		};
		BE792716247EE5610079652C /* Frameworks */ = {
			isa = PBXFrameworksBuildPhase;
			buildActionMask = 2147483647;
			files = (
				00ECD81F74E696D80D8FB459 /* Pods_SpeezyTests.framework in Frameworks */,
			);
			runOnlyForDeploymentPostprocessing = 0;
		};
/* End PBXFrameworksBuildPhase section */

/* Begin PBXGroup section */
		3683BCE6F03FBB401BF78B91 /* Pods */ = {
			isa = PBXGroup;
			children = (
				86CD793C347B4292285E0E0E /* Pods-Speezy.debug.xcconfig */,
				3D45BDB346AA201D63840DD4 /* Pods-Speezy.release.xcconfig */,
				0C9D8D96E584A10ABE2B3B59 /* Pods-SpeezyTests.debug.xcconfig */,
				09DA04407E481FEBE52FEC1E /* Pods-SpeezyTests.release.xcconfig */,
			);
			path = Pods;
			sourceTree = "<group>";
		};
		BE50346324BE02B100A414D1 /* Models */ = {
			isa = PBXGroup;
			children = (
				BE50346424BE02B900A414D1 /* AudioItem.swift */,
			);
			path = Models;
			sourceTree = "<group>";
		};
		BE50346624BE02C600A414D1 /* Protocols */ = {
			isa = PBXGroup;
			children = (
				BE50346724BE02CE00A414D1 /* AudioManagerObserver.swift */,
			);
			path = Protocols;
			sourceTree = "<group>";
		};
		BE7926FA247EE55F0079652C = {
			isa = PBXGroup;
			children = (
				BE792705247EE55F0079652C /* Speezy */,
				BE79271C247EE5610079652C /* SpeezyTests */,
				BE792704247EE55F0079652C /* Products */,
				3683BCE6F03FBB401BF78B91 /* Pods */,
				E15487FD64A1D16053241EB9 /* Frameworks */,
			);
			sourceTree = "<group>";
		};
		BE792704247EE55F0079652C /* Products */ = {
			isa = PBXGroup;
			children = (
				BE792703247EE55F0079652C /* Speezy.app */,
				BE792719247EE5610079652C /* SpeezyTests.xctest */,
			);
			name = Products;
			sourceTree = "<group>";
		};
		BE792705247EE55F0079652C /* Speezy */ = {
			isa = PBXGroup;
			children = (
				BEF0ECB024BF948D00B9D554 /* App */,
				BEAACE8324BA031A0074E4B9 /* Audio */,
				BEBFD49C24C58C8400200D87 /* SoundWave */,
				BE4F988A2480F7CE00B1AE8B /* twitter.png */,
				BEBFD4B124C5916D00200D87 /* testFile2.m4a */,
				BEAACE8D24BA155F0074E4B9 /* test.m4a */,
				BEBFD4AF24C58EF800200D87 /* testFile.m4a */,
				BEAACE7F24B9C1B00074E4B9 /* speezy.png */,
				BE792706247EE55F0079652C /* AppDelegate.swift */,
				BE792708247EE55F0079652C /* SceneDelegate.swift */,
				BE79270A247EE55F0079652C /* ViewController.swift */,
				BE79270C247EE55F0079652C /* Main.storyboard */,
				BE79270F247EE5610079652C /* Assets.xcassets */,
				BE792711247EE5610079652C /* LaunchScreen.storyboard */,
				BE792714247EE5610079652C /* Info.plist */,
			);
			path = Speezy;
			sourceTree = "<group>";
		};
		BE79271C247EE5610079652C /* SpeezyTests */ = {
			isa = PBXGroup;
			children = (
				BE79271D247EE5610079652C /* SpeezyTests.swift */,
				BE79271F247EE5610079652C /* Info.plist */,
			);
			path = SpeezyTests;
			sourceTree = "<group>";
		};
		BEAACE8324BA031A0074E4B9 /* Audio */ = {
			isa = PBXGroup;
			children = (
				BEAACE8A24BA10400074E4B9 /* Controllers */,
				BE50346324BE02B100A414D1 /* Models */,
				BE50346624BE02C600A414D1 /* Protocols */,
				BEAACE8424BA04D70074E4B9 /* View Controllers */,
				BEAACE8924BA08710074E4B9 /* Views */,
			);
			path = Audio;
			sourceTree = "<group>";
		};
		BEAACE8424BA04D70074E4B9 /* View Controllers */ = {
			isa = PBXGroup;
			children = (
				BEAACE8524BA04E30074E4B9 /* AudioEditingViewController.swift */,
			);
			path = "View Controllers";
			sourceTree = "<group>";
		};
		BEAACE8924BA08710074E4B9 /* Views */ = {
			isa = PBXGroup;
			children = (
				BE50344C24BB21FD00A414D1 /* LargeSoundwaveView.xib */,
				BE50344E24BB25DA00A414D1 /* LargeSoundwaveView.swift */,
				BE50345024BB9C6C00A414D1 /* TrimmableSoundwaveView.xib */,
				BE50345224BB9C7600A414D1 /* TrimmableSoundwaveView.swift */,
				BEBFD4B324C595F800200D87 /* TimelineView.swift */,
			);
			path = Views;
			sourceTree = "<group>";
		};
		BEAACE8A24BA10400074E4B9 /* Controllers */ = {
			isa = PBXGroup;
			children = (
				BEAACE8F24BA1C270074E4B9 /* AudioEditor.swift */,
				BE50344824BA4D2C00A414D1 /* AudioContext.swift */,
				BE50344A24BA4D5200A414D1 /* AudioLevelGenerator.swift */,
				BE50346124BDFCA900A414D1 /* AudioManager.swift */,
				BEBFD4B724C59EE900200D87 /* AudioRecorder.swift */,
				BEBFD4B924C5A23700200D87 /* AudioPlayer.swift */,
			);
			path = Controllers;
			sourceTree = "<group>";
		};
		BEBFD49C24C58C8400200D87 /* SoundWave */ = {
			isa = PBXGroup;
			children = (
				BEBFD49D24C58C9000200D87 /* Views */,
			);
			path = SoundWave;
			sourceTree = "<group>";
		};
		BEBFD49D24C58C9000200D87 /* Views */ = {
			isa = PBXGroup;
			children = (
				BEBFD4A924C58D3800200D87 /* AudioVisualizationView.swift */,
				BEBFD4AA24C58D3800200D87 /* AudioVisualizationView.xib */,
				BEBFD4AB24C58D3800200D87 /* BaseNibView.swift */,
			);
			path = Views;
			sourceTree = "<group>";
		};
		BEF0ECB024BF948D00B9D554 /* App */ = {
			isa = PBXGroup;
			children = (
				BEF0ECB124BF949400B9D554 /* Extensions */,
			);
			path = App;
			sourceTree = "<group>";
		};
		BEF0ECB124BF949400B9D554 /* Extensions */ = {
			isa = PBXGroup;
			children = (
				BEF0ECB224BF949800B9D554 /* UI */,
			);
			path = Extensions;
			sourceTree = "<group>";
		};
		BEF0ECB224BF949800B9D554 /* UI */ = {
			isa = PBXGroup;
			children = (
				BEF0ECB324BF94A400B9D554 /* UIView+Shadow.swift */,
			);
			path = UI;
			sourceTree = "<group>";
		};
		E15487FD64A1D16053241EB9 /* Frameworks */ = {
			isa = PBXGroup;
			children = (
				F71429DDB4953F7C3622682B /* Pods_Speezy.framework */,
				A004AD9738A08EB3DC671EBB /* Pods_SpeezyTests.framework */,
			);
			name = Frameworks;
			sourceTree = "<group>";
		};
/* End PBXGroup section */

/* Begin PBXNativeTarget section */
		BE792702247EE55F0079652C /* Speezy */ = {
			isa = PBXNativeTarget;
			buildConfigurationList = BE792722247EE5610079652C /* Build configuration list for PBXNativeTarget "Speezy" */;
			buildPhases = (
				A0B8742759FA5DB3E81A49F8 /* [CP] Check Pods Manifest.lock */,
				BE7926FF247EE55F0079652C /* Sources */,
				BE792700247EE55F0079652C /* Frameworks */,
				BE792701247EE55F0079652C /* Resources */,
				8BD7A46B0703E53F9D366220 /* [CP] Embed Pods Frameworks */,
			);
			buildRules = (
			);
			dependencies = (
			);
			name = Speezy;
			productName = Speezy;
			productReference = BE792703247EE55F0079652C /* Speezy.app */;
			productType = "com.apple.product-type.application";
		};
		BE792718247EE5610079652C /* SpeezyTests */ = {
			isa = PBXNativeTarget;
			buildConfigurationList = BE792725247EE5610079652C /* Build configuration list for PBXNativeTarget "SpeezyTests" */;
			buildPhases = (
				5F4458E6A8545A8ED09BB292 /* [CP] Check Pods Manifest.lock */,
				BE792715247EE5610079652C /* Sources */,
				BE792716247EE5610079652C /* Frameworks */,
				BE792717247EE5610079652C /* Resources */,
			);
			buildRules = (
			);
			dependencies = (
				BE79271B247EE5610079652C /* PBXTargetDependency */,
			);
			name = SpeezyTests;
			productName = SpeezyTests;
			productReference = BE792719247EE5610079652C /* SpeezyTests.xctest */;
			productType = "com.apple.product-type.bundle.unit-test";
		};
/* End PBXNativeTarget section */

/* Begin PBXProject section */
		BE7926FB247EE55F0079652C /* Project object */ = {
			isa = PBXProject;
			attributes = {
				LastSwiftUpdateCheck = 1140;
				LastUpgradeCheck = 1140;
				ORGANIZATIONNAME = Speezy;
				TargetAttributes = {
					BE792702247EE55F0079652C = {
						CreatedOnToolsVersion = 11.4.1;
					};
					BE792718247EE5610079652C = {
						CreatedOnToolsVersion = 11.4.1;
						TestTargetID = BE792702247EE55F0079652C;
					};
				};
			};
			buildConfigurationList = BE7926FE247EE55F0079652C /* Build configuration list for PBXProject "Speezy" */;
			compatibilityVersion = "Xcode 9.3";
			developmentRegion = en;
			hasScannedForEncodings = 0;
			knownRegions = (
				en,
				Base,
			);
			mainGroup = BE7926FA247EE55F0079652C;
			productRefGroup = BE792704247EE55F0079652C /* Products */;
			projectDirPath = "";
			projectRoot = "";
			targets = (
				BE792702247EE55F0079652C /* Speezy */,
				BE792718247EE5610079652C /* SpeezyTests */,
			);
		};
/* End PBXProject section */

/* Begin PBXResourcesBuildPhase section */
		BE792701247EE55F0079652C /* Resources */ = {
			isa = PBXResourcesBuildPhase;
			buildActionMask = 2147483647;
			files = (
				BEBFD4B224C5916D00200D87 /* testFile2.m4a in Resources */,
				BE50344D24BB21FD00A414D1 /* LargeSoundwaveView.xib in Resources */,
				BE792713247EE5610079652C /* LaunchScreen.storyboard in Resources */,
				BE4F988B2480F7CF00B1AE8B /* twitter.png in Resources */,
				BEAACE8024B9C1B00074E4B9 /* speezy.png in Resources */,
				BE792710247EE5610079652C /* Assets.xcassets in Resources */,
				BEAACE8E24BA155F0074E4B9 /* test.m4a in Resources */,
				BEBFD4B024C58EF800200D87 /* testFile.m4a in Resources */,
				BE79270E247EE55F0079652C /* Main.storyboard in Resources */,
				BE50345124BB9C6C00A414D1 /* TrimmableSoundwaveView.xib in Resources */,
				BEBFD4AD24C58D3800200D87 /* AudioVisualizationView.xib in Resources */,
			);
			runOnlyForDeploymentPostprocessing = 0;
		};
		BE792717247EE5610079652C /* Resources */ = {
			isa = PBXResourcesBuildPhase;
			buildActionMask = 2147483647;
			files = (
			);
			runOnlyForDeploymentPostprocessing = 0;
		};
/* End PBXResourcesBuildPhase section */

/* Begin PBXShellScriptBuildPhase section */
		5F4458E6A8545A8ED09BB292 /* [CP] Check Pods Manifest.lock */ = {
			isa = PBXShellScriptBuildPhase;
			buildActionMask = 2147483647;
			files = (
			);
			inputFileListPaths = (
			);
			inputPaths = (
				"${PODS_PODFILE_DIR_PATH}/Podfile.lock",
				"${PODS_ROOT}/Manifest.lock",
			);
			name = "[CP] Check Pods Manifest.lock";
			outputFileListPaths = (
			);
			outputPaths = (
				"$(DERIVED_FILE_DIR)/Pods-SpeezyTests-checkManifestLockResult.txt",
			);
			runOnlyForDeploymentPostprocessing = 0;
			shellPath = /bin/sh;
			shellScript = "diff \"${PODS_PODFILE_DIR_PATH}/Podfile.lock\" \"${PODS_ROOT}/Manifest.lock\" > /dev/null\nif [ $? != 0 ] ; then\n    # print error to STDERR\n    echo \"error: The sandbox is not in sync with the Podfile.lock. Run 'pod install' or update your CocoaPods installation.\" >&2\n    exit 1\nfi\n# This output is used by Xcode 'outputs' to avoid re-running this script phase.\necho \"SUCCESS\" > \"${SCRIPT_OUTPUT_FILE_0}\"\n";
			showEnvVarsInLog = 0;
		};
		8BD7A46B0703E53F9D366220 /* [CP] Embed Pods Frameworks */ = {
			isa = PBXShellScriptBuildPhase;
			buildActionMask = 2147483647;
			files = (
			);
			inputFileListPaths = (
				"${PODS_ROOT}/Target Support Files/Pods-Speezy/Pods-Speezy-frameworks-${CONFIGURATION}-input-files.xcfilelist",
			);
			name = "[CP] Embed Pods Frameworks";
			outputFileListPaths = (
				"${PODS_ROOT}/Target Support Files/Pods-Speezy/Pods-Speezy-frameworks-${CONFIGURATION}-output-files.xcfilelist",
			);
			runOnlyForDeploymentPostprocessing = 0;
			shellPath = /bin/sh;
			shellScript = "\"${PODS_ROOT}/Target Support Files/Pods-Speezy/Pods-Speezy-frameworks.sh\"\n";
			showEnvVarsInLog = 0;
		};
		A0B8742759FA5DB3E81A49F8 /* [CP] Check Pods Manifest.lock */ = {
			isa = PBXShellScriptBuildPhase;
			buildActionMask = 2147483647;
			files = (
			);
			inputFileListPaths = (
			);
			inputPaths = (
				"${PODS_PODFILE_DIR_PATH}/Podfile.lock",
				"${PODS_ROOT}/Manifest.lock",
			);
			name = "[CP] Check Pods Manifest.lock";
			outputFileListPaths = (
			);
			outputPaths = (
				"$(DERIVED_FILE_DIR)/Pods-Speezy-checkManifestLockResult.txt",
			);
			runOnlyForDeploymentPostprocessing = 0;
			shellPath = /bin/sh;
			shellScript = "diff \"${PODS_PODFILE_DIR_PATH}/Podfile.lock\" \"${PODS_ROOT}/Manifest.lock\" > /dev/null\nif [ $? != 0 ] ; then\n    # print error to STDERR\n    echo \"error: The sandbox is not in sync with the Podfile.lock. Run 'pod install' or update your CocoaPods installation.\" >&2\n    exit 1\nfi\n# This output is used by Xcode 'outputs' to avoid re-running this script phase.\necho \"SUCCESS\" > \"${SCRIPT_OUTPUT_FILE_0}\"\n";
			showEnvVarsInLog = 0;
		};
/* End PBXShellScriptBuildPhase section */

/* Begin PBXSourcesBuildPhase section */
		BE7926FF247EE55F0079652C /* Sources */ = {
			isa = PBXSourcesBuildPhase;
			buildActionMask = 2147483647;
			files = (
				BEAACE8624BA04E30074E4B9 /* AudioEditingViewController.swift in Sources */,
				BE50344B24BA4D5200A414D1 /* AudioLevelGenerator.swift in Sources */,
				BEF0ECB424BF94A400B9D554 /* UIView+Shadow.swift in Sources */,
				BE50345324BB9C7600A414D1 /* TrimmableSoundwaveView.swift in Sources */,
				BE79270B247EE55F0079652C /* ViewController.swift in Sources */,
				BE50344924BA4D2C00A414D1 /* AudioContext.swift in Sources */,
				BE792707247EE55F0079652C /* AppDelegate.swift in Sources */,
				BE50344F24BB25DA00A414D1 /* LargeSoundwaveView.swift in Sources */,
				BE792709247EE55F0079652C /* SceneDelegate.swift in Sources */,
				BE50346524BE02B900A414D1 /* AudioItem.swift in Sources */,
				BEBFD4B824C59EE900200D87 /* AudioRecorder.swift in Sources */,
				BEBFD4BA24C5A23700200D87 /* AudioPlayer.swift in Sources */,
				BEBFD4AE24C58D3800200D87 /* BaseNibView.swift in Sources */,
				BE50346224BDFCA900A414D1 /* AudioManager.swift in Sources */,
				BE50346824BE02CE00A414D1 /* AudioManagerObserver.swift in Sources */,
				BEAACE9024BA1C270074E4B9 /* AudioEditor.swift in Sources */,
				BEBFD4AC24C58D3800200D87 /* AudioVisualizationView.swift in Sources */,
				BEBFD4B424C595F800200D87 /* TimelineView.swift in Sources */,
			);
			runOnlyForDeploymentPostprocessing = 0;
		};
		BE792715247EE5610079652C /* Sources */ = {
			isa = PBXSourcesBuildPhase;
			buildActionMask = 2147483647;
			files = (
				BE79271E247EE5610079652C /* SpeezyTests.swift in Sources */,
			);
			runOnlyForDeploymentPostprocessing = 0;
		};
/* End PBXSourcesBuildPhase section */

/* Begin PBXTargetDependency section */
		BE79271B247EE5610079652C /* PBXTargetDependency */ = {
			isa = PBXTargetDependency;
			target = BE792702247EE55F0079652C /* Speezy */;
			targetProxy = BE79271A247EE5610079652C /* PBXContainerItemProxy */;
		};
/* End PBXTargetDependency section */

/* Begin PBXVariantGroup section */
		BE79270C247EE55F0079652C /* Main.storyboard */ = {
			isa = PBXVariantGroup;
			children = (
				BE79270D247EE55F0079652C /* Base */,
			);
			name = Main.storyboard;
			sourceTree = "<group>";
		};
		BE792711247EE5610079652C /* LaunchScreen.storyboard */ = {
			isa = PBXVariantGroup;
			children = (
				BE792712247EE5610079652C /* Base */,
			);
			name = LaunchScreen.storyboard;
			sourceTree = "<group>";
		};
/* End PBXVariantGroup section */

/* Begin XCBuildConfiguration section */
		BE792720247EE5610079652C /* Debug */ = {
			isa = XCBuildConfiguration;
			buildSettings = {
				ALWAYS_SEARCH_USER_PATHS = NO;
				CLANG_ANALYZER_NONNULL = YES;
				CLANG_ANALYZER_NUMBER_OBJECT_CONVERSION = YES_AGGRESSIVE;
				CLANG_CXX_LANGUAGE_STANDARD = "gnu++14";
				CLANG_CXX_LIBRARY = "libc++";
				CLANG_ENABLE_MODULES = YES;
				CLANG_ENABLE_OBJC_ARC = YES;
				CLANG_ENABLE_OBJC_WEAK = YES;
				CLANG_WARN_BLOCK_CAPTURE_AUTORELEASING = YES;
				CLANG_WARN_BOOL_CONVERSION = YES;
				CLANG_WARN_COMMA = YES;
				CLANG_WARN_CONSTANT_CONVERSION = YES;
				CLANG_WARN_DEPRECATED_OBJC_IMPLEMENTATIONS = YES;
				CLANG_WARN_DIRECT_OBJC_ISA_USAGE = YES_ERROR;
				CLANG_WARN_DOCUMENTATION_COMMENTS = YES;
				CLANG_WARN_EMPTY_BODY = YES;
				CLANG_WARN_ENUM_CONVERSION = YES;
				CLANG_WARN_INFINITE_RECURSION = YES;
				CLANG_WARN_INT_CONVERSION = YES;
				CLANG_WARN_NON_LITERAL_NULL_CONVERSION = YES;
				CLANG_WARN_OBJC_IMPLICIT_RETAIN_SELF = YES;
				CLANG_WARN_OBJC_LITERAL_CONVERSION = YES;
				CLANG_WARN_OBJC_ROOT_CLASS = YES_ERROR;
				CLANG_WARN_RANGE_LOOP_ANALYSIS = YES;
				CLANG_WARN_STRICT_PROTOTYPES = YES;
				CLANG_WARN_SUSPICIOUS_MOVE = YES;
				CLANG_WARN_UNGUARDED_AVAILABILITY = YES_AGGRESSIVE;
				CLANG_WARN_UNREACHABLE_CODE = YES;
				CLANG_WARN__DUPLICATE_METHOD_MATCH = YES;
				COPY_PHASE_STRIP = NO;
				DEBUG_INFORMATION_FORMAT = dwarf;
				ENABLE_STRICT_OBJC_MSGSEND = YES;
				ENABLE_TESTABILITY = YES;
				GCC_C_LANGUAGE_STANDARD = gnu11;
				GCC_DYNAMIC_NO_PIC = NO;
				GCC_NO_COMMON_BLOCKS = YES;
				GCC_OPTIMIZATION_LEVEL = 0;
				GCC_PREPROCESSOR_DEFINITIONS = (
					"DEBUG=1",
					"$(inherited)",
				);
				GCC_WARN_64_TO_32_BIT_CONVERSION = YES;
				GCC_WARN_ABOUT_RETURN_TYPE = YES_ERROR;
				GCC_WARN_UNDECLARED_SELECTOR = YES;
				GCC_WARN_UNINITIALIZED_AUTOS = YES_AGGRESSIVE;
				GCC_WARN_UNUSED_FUNCTION = YES;
				GCC_WARN_UNUSED_VARIABLE = YES;
				IPHONEOS_DEPLOYMENT_TARGET = 13.3;
				MTL_ENABLE_DEBUG_INFO = INCLUDE_SOURCE;
				MTL_FAST_MATH = YES;
				ONLY_ACTIVE_ARCH = YES;
				SDKROOT = iphoneos;
				SWIFT_ACTIVE_COMPILATION_CONDITIONS = DEBUG;
				SWIFT_OPTIMIZATION_LEVEL = "-Onone";
			};
			name = Debug;
		};
		BE792721247EE5610079652C /* Release */ = {
			isa = XCBuildConfiguration;
			buildSettings = {
				ALWAYS_SEARCH_USER_PATHS = NO;
				CLANG_ANALYZER_NONNULL = YES;
				CLANG_ANALYZER_NUMBER_OBJECT_CONVERSION = YES_AGGRESSIVE;
				CLANG_CXX_LANGUAGE_STANDARD = "gnu++14";
				CLANG_CXX_LIBRARY = "libc++";
				CLANG_ENABLE_MODULES = YES;
				CLANG_ENABLE_OBJC_ARC = YES;
				CLANG_ENABLE_OBJC_WEAK = YES;
				CLANG_WARN_BLOCK_CAPTURE_AUTORELEASING = YES;
				CLANG_WARN_BOOL_CONVERSION = YES;
				CLANG_WARN_COMMA = YES;
				CLANG_WARN_CONSTANT_CONVERSION = YES;
				CLANG_WARN_DEPRECATED_OBJC_IMPLEMENTATIONS = YES;
				CLANG_WARN_DIRECT_OBJC_ISA_USAGE = YES_ERROR;
				CLANG_WARN_DOCUMENTATION_COMMENTS = YES;
				CLANG_WARN_EMPTY_BODY = YES;
				CLANG_WARN_ENUM_CONVERSION = YES;
				CLANG_WARN_INFINITE_RECURSION = YES;
				CLANG_WARN_INT_CONVERSION = YES;
				CLANG_WARN_NON_LITERAL_NULL_CONVERSION = YES;
				CLANG_WARN_OBJC_IMPLICIT_RETAIN_SELF = YES;
				CLANG_WARN_OBJC_LITERAL_CONVERSION = YES;
				CLANG_WARN_OBJC_ROOT_CLASS = YES_ERROR;
				CLANG_WARN_RANGE_LOOP_ANALYSIS = YES;
				CLANG_WARN_STRICT_PROTOTYPES = YES;
				CLANG_WARN_SUSPICIOUS_MOVE = YES;
				CLANG_WARN_UNGUARDED_AVAILABILITY = YES_AGGRESSIVE;
				CLANG_WARN_UNREACHABLE_CODE = YES;
				CLANG_WARN__DUPLICATE_METHOD_MATCH = YES;
				COPY_PHASE_STRIP = NO;
				DEBUG_INFORMATION_FORMAT = "dwarf-with-dsym";
				ENABLE_NS_ASSERTIONS = NO;
				ENABLE_STRICT_OBJC_MSGSEND = YES;
				GCC_C_LANGUAGE_STANDARD = gnu11;
				GCC_NO_COMMON_BLOCKS = YES;
				GCC_WARN_64_TO_32_BIT_CONVERSION = YES;
				GCC_WARN_ABOUT_RETURN_TYPE = YES_ERROR;
				GCC_WARN_UNDECLARED_SELECTOR = YES;
				GCC_WARN_UNINITIALIZED_AUTOS = YES_AGGRESSIVE;
				GCC_WARN_UNUSED_FUNCTION = YES;
				GCC_WARN_UNUSED_VARIABLE = YES;
				IPHONEOS_DEPLOYMENT_TARGET = 13.3;
				MTL_ENABLE_DEBUG_INFO = NO;
				MTL_FAST_MATH = YES;
				SDKROOT = iphoneos;
				SWIFT_COMPILATION_MODE = wholemodule;
				SWIFT_OPTIMIZATION_LEVEL = "-O";
				VALIDATE_PRODUCT = YES;
			};
			name = Release;
		};
		BE792723247EE5610079652C /* Debug */ = {
			isa = XCBuildConfiguration;
			baseConfigurationReference = 86CD793C347B4292285E0E0E /* Pods-Speezy.debug.xcconfig */;
			buildSettings = {
				ASSETCATALOG_COMPILER_APPICON_NAME = AppIcon;
				CODE_SIGN_STYLE = Automatic;
				DEVELOPMENT_TEAM = 5P5MB2LN99;
				INFOPLIST_FILE = Speezy/Info.plist;
				LD_RUNPATH_SEARCH_PATHS = (
					"$(inherited)",
					"@executable_path/Frameworks",
				);
				PRODUCT_BUNDLE_IDENTIFIER = com.speezy.Speezy;
				PRODUCT_NAME = "$(TARGET_NAME)";
				SWIFT_VERSION = 5.0;
				TARGETED_DEVICE_FAMILY = "1,2";
			};
			name = Debug;
		};
		BE792724247EE5610079652C /* Release */ = {
			isa = XCBuildConfiguration;
			baseConfigurationReference = 3D45BDB346AA201D63840DD4 /* Pods-Speezy.release.xcconfig */;
			buildSettings = {
				ASSETCATALOG_COMPILER_APPICON_NAME = AppIcon;
				CODE_SIGN_STYLE = Automatic;
				DEVELOPMENT_TEAM = 5P5MB2LN99;
				INFOPLIST_FILE = Speezy/Info.plist;
				LD_RUNPATH_SEARCH_PATHS = (
					"$(inherited)",
					"@executable_path/Frameworks",
				);
				PRODUCT_BUNDLE_IDENTIFIER = com.speezy.Speezy;
				PRODUCT_NAME = "$(TARGET_NAME)";
				SWIFT_VERSION = 5.0;
				TARGETED_DEVICE_FAMILY = "1,2";
			};
			name = Release;
		};
		BE792726247EE5610079652C /* Debug */ = {
			isa = XCBuildConfiguration;
			baseConfigurationReference = 0C9D8D96E584A10ABE2B3B59 /* Pods-SpeezyTests.debug.xcconfig */;
			buildSettings = {
				ALWAYS_EMBED_SWIFT_STANDARD_LIBRARIES = YES;
				BUNDLE_LOADER = "$(TEST_HOST)";
				CODE_SIGN_STYLE = Automatic;
				INFOPLIST_FILE = SpeezyTests/Info.plist;
				IPHONEOS_DEPLOYMENT_TARGET = 13.4;
				LD_RUNPATH_SEARCH_PATHS = (
					"$(inherited)",
					"@executable_path/Frameworks",
					"@loader_path/Frameworks",
				);
				PRODUCT_BUNDLE_IDENTIFIER = com.speezy.SpeezyTests;
				PRODUCT_NAME = "$(TARGET_NAME)";
				SWIFT_VERSION = 5.0;
				TARGETED_DEVICE_FAMILY = "1,2";
				TEST_HOST = "$(BUILT_PRODUCTS_DIR)/Speezy.app/Speezy";
			};
			name = Debug;
		};
		BE792727247EE5610079652C /* Release */ = {
			isa = XCBuildConfiguration;
			baseConfigurationReference = 09DA04407E481FEBE52FEC1E /* Pods-SpeezyTests.release.xcconfig */;
			buildSettings = {
				ALWAYS_EMBED_SWIFT_STANDARD_LIBRARIES = YES;
				BUNDLE_LOADER = "$(TEST_HOST)";
				CODE_SIGN_STYLE = Automatic;
				INFOPLIST_FILE = SpeezyTests/Info.plist;
				IPHONEOS_DEPLOYMENT_TARGET = 13.4;
				LD_RUNPATH_SEARCH_PATHS = (
					"$(inherited)",
					"@executable_path/Frameworks",
					"@loader_path/Frameworks",
				);
				PRODUCT_BUNDLE_IDENTIFIER = com.speezy.SpeezyTests;
				PRODUCT_NAME = "$(TARGET_NAME)";
				SWIFT_VERSION = 5.0;
				TARGETED_DEVICE_FAMILY = "1,2";
				TEST_HOST = "$(BUILT_PRODUCTS_DIR)/Speezy.app/Speezy";
			};
			name = Release;
		};
/* End XCBuildConfiguration section */

/* Begin XCConfigurationList section */
		BE7926FE247EE55F0079652C /* Build configuration list for PBXProject "Speezy" */ = {
			isa = XCConfigurationList;
			buildConfigurations = (
				BE792720247EE5610079652C /* Debug */,
				BE792721247EE5610079652C /* Release */,
			);
			defaultConfigurationIsVisible = 0;
			defaultConfigurationName = Release;
		};
		BE792722247EE5610079652C /* Build configuration list for PBXNativeTarget "Speezy" */ = {
			isa = XCConfigurationList;
			buildConfigurations = (
				BE792723247EE5610079652C /* Debug */,
				BE792724247EE5610079652C /* Release */,
			);
			defaultConfigurationIsVisible = 0;
			defaultConfigurationName = Release;
		};
		BE792725247EE5610079652C /* Build configuration list for PBXNativeTarget "SpeezyTests" */ = {
			isa = XCConfigurationList;
			buildConfigurations = (
				BE792726247EE5610079652C /* Debug */,
				BE792727247EE5610079652C /* Release */,
			);
			defaultConfigurationIsVisible = 0;
			defaultConfigurationName = Release;
		};
/* End XCConfigurationList section */
	};
	rootObject = BE7926FB247EE55F0079652C /* Project object */;
}
