// !$*UTF8*$!
{
	archiveVersion = 1;
	classes = {
	};
	objectVersion = 51;
	objects = {

/* Begin PBXBuildFile section */
		00ECD81F74E696D80D8FB459 /* Pods_SpeezyTests.framework in Frameworks */ = {isa = PBXBuildFile; fileRef = A004AD9738A08EB3DC671EBB /* Pods_SpeezyTests.framework */; };
		94454CFB332F7797FE84738E /* Pods_Speezy.framework in Frameworks */ = {isa = PBXBuildFile; fileRef = F71429DDB4953F7C3622682B /* Pods_Speezy.framework */; };
		BE05275124CAC30900B0D22B /* VideoPlaceholderView.swift in Sources */ = {isa = PBXBuildFile; fileRef = BE05275024CAC30900B0D22B /* VideoPlaceholderView.swift */; };
		BE05275324CAC32400B0D22B /* VideoPlaceholderView.xib in Resources */ = {isa = PBXBuildFile; fileRef = BE05275224CAC32400B0D22B /* VideoPlaceholderView.xib */; };
		BE199F9324CF85F800F633EC /* AudioAttachmentManager.swift in Sources */ = {isa = PBXBuildFile; fileRef = BE199F9224CF85F800F633EC /* AudioAttachmentManager.swift */; };
		BE2B097924C7239300317EB7 /* AudioItemCell.swift in Sources */ = {isa = PBXBuildFile; fileRef = BE2B097724C7239300317EB7 /* AudioItemCell.swift */; };
		BE2B097A24C7239300317EB7 /* AudioItemCell.xib in Resources */ = {isa = PBXBuildFile; fileRef = BE2B097824C7239300317EB7 /* AudioItemCell.xib */; };
		BE2B098424C732DC00317EB7 /* TagCell.xib in Resources */ = {isa = PBXBuildFile; fileRef = BE2B098124C732DC00317EB7 /* TagCell.xib */; };
		BE2B098524C732DC00317EB7 /* TagsView.swift in Sources */ = {isa = PBXBuildFile; fileRef = BE2B098224C732DC00317EB7 /* TagsView.swift */; };
		BE2B098624C732DC00317EB7 /* TagCell.swift in Sources */ = {isa = PBXBuildFile; fileRef = BE2B098324C732DC00317EB7 /* TagCell.swift */; };
		BE2B098824C7336F00317EB7 /* NibLoadable.swift in Sources */ = {isa = PBXBuildFile; fileRef = BE2B098724C7336F00317EB7 /* NibLoadable.swift */; };
		BE2B098A24C73BD100317EB7 /* TagsView.xib in Resources */ = {isa = PBXBuildFile; fileRef = BE2B098924C73BD100317EB7 /* TagsView.xib */; };
		BE50344924BA4D2C00A414D1 /* AudioContext.swift in Sources */ = {isa = PBXBuildFile; fileRef = BE50344824BA4D2C00A414D1 /* AudioContext.swift */; };
		BE50344B24BA4D5200A414D1 /* AudioLevelGenerator.swift in Sources */ = {isa = PBXBuildFile; fileRef = BE50344A24BA4D5200A414D1 /* AudioLevelGenerator.swift */; };
		BE50344D24BB21FD00A414D1 /* PlaybackView.xib in Resources */ = {isa = PBXBuildFile; fileRef = BE50344C24BB21FD00A414D1 /* PlaybackView.xib */; };
		BE50344F24BB25DA00A414D1 /* PlaybackView.swift in Sources */ = {isa = PBXBuildFile; fileRef = BE50344E24BB25DA00A414D1 /* PlaybackView.swift */; };
		BE50345124BB9C6C00A414D1 /* CropView.xib in Resources */ = {isa = PBXBuildFile; fileRef = BE50345024BB9C6C00A414D1 /* CropView.xib */; };
		BE50345324BB9C7600A414D1 /* CropView.swift in Sources */ = {isa = PBXBuildFile; fileRef = BE50345224BB9C7600A414D1 /* CropView.swift */; };
		BE50346224BDFCA900A414D1 /* AudioManager.swift in Sources */ = {isa = PBXBuildFile; fileRef = BE50346124BDFCA900A414D1 /* AudioManager.swift */; };
		BE50346524BE02B900A414D1 /* AudioItem.swift in Sources */ = {isa = PBXBuildFile; fileRef = BE50346424BE02B900A414D1 /* AudioItem.swift */; };
		BE50346824BE02CE00A414D1 /* AudioManagerObserver.swift in Sources */ = {isa = PBXBuildFile; fileRef = BE50346724BE02CE00A414D1 /* AudioManagerObserver.swift */; };
		BE6565D424CC44CF00D77BFE /* UIView+AsImage.swift in Sources */ = {isa = PBXBuildFile; fileRef = BE6565D324CC44CF00D77BFE /* UIView+AsImage.swift */; };
		BE6565D624CC44E300D77BFE /* UIButton+Disable.swift in Sources */ = {isa = PBXBuildFile; fileRef = BE6565D524CC44E300D77BFE /* UIButton+Disable.swift */; };
		BE6565D924CC450100D77BFE /* AudioShareable.swift in Sources */ = {isa = PBXBuildFile; fileRef = BE6565D824CC450100D77BFE /* AudioShareable.swift */; };
		BE77766024D6C9C50009BE63 /* TimeFormatter.swift in Sources */ = {isa = PBXBuildFile; fileRef = BE77765F24D6C9C50009BE63 /* TimeFormatter.swift */; };
		BE77766824D6CB7A0009BE63 /* SettingsCoordinator.swift in Sources */ = {isa = PBXBuildFile; fileRef = BE77766724D6CB7A0009BE63 /* SettingsCoordinator.swift */; };
		BE77766A24D6CB810009BE63 /* Settings.storyboard in Resources */ = {isa = PBXBuildFile; fileRef = BE77766924D6CB810009BE63 /* Settings.storyboard */; };
		BE77766C24D6CB8A0009BE63 /* SettingsItemListViewController.swift in Sources */ = {isa = PBXBuildFile; fileRef = BE77766B24D6CB8A0009BE63 /* SettingsItemListViewController.swift */; };
		BE77766F24D6CBEC0009BE63 /* SettingsCell.swift in Sources */ = {isa = PBXBuildFile; fileRef = BE77766D24D6CBEC0009BE63 /* SettingsCell.swift */; };
		BE77767024D6CBEC0009BE63 /* SettingsCell.xib in Resources */ = {isa = PBXBuildFile; fileRef = BE77766E24D6CBEC0009BE63 /* SettingsCell.xib */; };
		BE77767324D6CCD90009BE63 /* SettingsItem.swift in Sources */ = {isa = PBXBuildFile; fileRef = BE77767224D6CCD90009BE63 /* SettingsItem.swift */; };
		BE77767524D6D3100009BE63 /* SettingsFooterView.xib in Resources */ = {isa = PBXBuildFile; fileRef = BE77767424D6D3100009BE63 /* SettingsFooterView.xib */; };
		BE77767724D6D3390009BE63 /* SettingsFooterView.swift in Sources */ = {isa = PBXBuildFile; fileRef = BE77767624D6D3390009BE63 /* SettingsFooterView.swift */; };
		BE77767924D6DA6E0009BE63 /* PrivacyPolicyViewController.swift in Sources */ = {isa = PBXBuildFile; fileRef = BE77767824D6DA6E0009BE63 /* PrivacyPolicyViewController.swift */; };
		BE77767B24D6DAAB0009BE63 /* privacy-policy.html in Resources */ = {isa = PBXBuildFile; fileRef = BE77767A24D6DAAB0009BE63 /* privacy-policy.html */; };
		BE77767D24D6DB8B0009BE63 /* WebKit.framework in Frameworks */ = {isa = PBXBuildFile; fileRef = BE77767C24D6DB8B0009BE63 /* WebKit.framework */; };
		BE792707247EE55F0079652C /* AppDelegate.swift in Sources */ = {isa = PBXBuildFile; fileRef = BE792706247EE55F0079652C /* AppDelegate.swift */; };
		BE792709247EE55F0079652C /* SceneDelegate.swift in Sources */ = {isa = PBXBuildFile; fileRef = BE792708247EE55F0079652C /* SceneDelegate.swift */; };
		BE79270B247EE55F0079652C /* AudioItemViewController.swift in Sources */ = {isa = PBXBuildFile; fileRef = BE79270A247EE55F0079652C /* AudioItemViewController.swift */; };
		BE79270E247EE55F0079652C /* Audio.storyboard in Resources */ = {isa = PBXBuildFile; fileRef = BE79270C247EE55F0079652C /* Audio.storyboard */; };
		BE792710247EE5610079652C /* Assets.xcassets in Resources */ = {isa = PBXBuildFile; fileRef = BE79270F247EE5610079652C /* Assets.xcassets */; };
		BE792713247EE5610079652C /* LaunchScreen.storyboard in Resources */ = {isa = PBXBuildFile; fileRef = BE792711247EE5610079652C /* LaunchScreen.storyboard */; };
		BE79271E247EE5610079652C /* SpeezyTests.swift in Sources */ = {isa = PBXBuildFile; fileRef = BE79271D247EE5610079652C /* SpeezyTests.swift */; };
		BEAACE9024BA1C270074E4B9 /* AudioEditor.swift in Sources */ = {isa = PBXBuildFile; fileRef = BEAACE8F24BA1C270074E4B9 /* AudioEditor.swift */; };
		BEBFD4AC24C58D3800200D87 /* AudioVisualizationView.swift in Sources */ = {isa = PBXBuildFile; fileRef = BEBFD4A924C58D3800200D87 /* AudioVisualizationView.swift */; };
		BEBFD4AD24C58D3800200D87 /* AudioVisualizationView.xib in Resources */ = {isa = PBXBuildFile; fileRef = BEBFD4AA24C58D3800200D87 /* AudioVisualizationView.xib */; };
		BEBFD4AE24C58D3800200D87 /* BaseNibView.swift in Sources */ = {isa = PBXBuildFile; fileRef = BEBFD4AB24C58D3800200D87 /* BaseNibView.swift */; };
		BEBFD4B424C595F800200D87 /* TimelineView.swift in Sources */ = {isa = PBXBuildFile; fileRef = BEBFD4B324C595F800200D87 /* TimelineView.swift */; };
		BEBFD4B824C59EE900200D87 /* AudioRecorder.swift in Sources */ = {isa = PBXBuildFile; fileRef = BEBFD4B724C59EE900200D87 /* AudioRecorder.swift */; };
		BEBFD4BA24C5A23700200D87 /* AudioPlayer.swift in Sources */ = {isa = PBXBuildFile; fileRef = BEBFD4B924C5A23700200D87 /* AudioPlayer.swift */; };
		BEBFD4BC24C5A6FB00200D87 /* AudioCropper.swift in Sources */ = {isa = PBXBuildFile; fileRef = BEBFD4BB24C5A6FB00200D87 /* AudioCropper.swift */; };
		BEBFD4C024C5B9C700200D87 /* AppCoordinator.swift in Sources */ = {isa = PBXBuildFile; fileRef = BEBFD4BF24C5B9C700200D87 /* AppCoordinator.swift */; };
		BEBFD4C324C5B9DC00200D87 /* ViewCoordinator.swift in Sources */ = {isa = PBXBuildFile; fileRef = BEBFD4C224C5B9DC00200D87 /* ViewCoordinator.swift */; };
		BEBFD4C624C5BAB100200D87 /* AudioItemCoordinator.swift in Sources */ = {isa = PBXBuildFile; fileRef = BEBFD4C524C5BAB100200D87 /* AudioItemCoordinator.swift */; };
		BEBFD4C824C5BD1E00200D87 /* FileManager+Helpers.swift in Sources */ = {isa = PBXBuildFile; fileRef = BEBFD4C724C5BD1E00200D87 /* FileManager+Helpers.swift */; };
		BEBFD4CB24C5DB8700200D87 /* Storage.swift in Sources */ = {isa = PBXBuildFile; fileRef = BEBFD4CA24C5DB8700200D87 /* Storage.swift */; };
		BEBFD4CD24C5DC0300200D87 /* Array+Helpers.swift in Sources */ = {isa = PBXBuildFile; fileRef = BEBFD4CC24C5DC0300200D87 /* Array+Helpers.swift */; };
		BEBFD4CF24C5DC2600200D87 /* Identifiable.swift in Sources */ = {isa = PBXBuildFile; fileRef = BEBFD4CE24C5DC2600200D87 /* Identifiable.swift */; };
		BEBFD4D124C5DC9600200D87 /* AudioStorage.swift in Sources */ = {isa = PBXBuildFile; fileRef = BEBFD4D024C5DC9600200D87 /* AudioStorage.swift */; };
		BEBFD4D324C5DD8300200D87 /* AudioItemListViewController.swift in Sources */ = {isa = PBXBuildFile; fileRef = BEBFD4D224C5DD8300200D87 /* AudioItemListViewController.swift */; };
		BEF0ECB424BF94A400B9D554 /* UIView+Shadow.swift in Sources */ = {isa = PBXBuildFile; fileRef = BEF0ECB324BF94A400B9D554 /* UIView+Shadow.swift */; };
		BEFCDBE024D0282400A6232E /* CustomVideoPlaceholderView.xib in Resources */ = {isa = PBXBuildFile; fileRef = BEFCDBDF24D0282400A6232E /* CustomVideoPlaceholderView.xib */; };
		BEFCDBE224D028E100A6232E /* CustomVideoPlaceholderView.swift in Sources */ = {isa = PBXBuildFile; fileRef = BEFCDBE124D028E100A6232E /* CustomVideoPlaceholderView.swift */; };
		BEFCDBE524D047DE00A6232E /* SpeezyButton.swift in Sources */ = {isa = PBXBuildFile; fileRef = BEFCDBE424D047DE00A6232E /* SpeezyButton.swift */; };
/* End PBXBuildFile section */

/* Begin PBXContainerItemProxy section */
		BE79271A247EE5610079652C /* PBXContainerItemProxy */ = {
			isa = PBXContainerItemProxy;
			containerPortal = BE7926FB247EE55F0079652C /* Project object */;
			proxyType = 1;
			remoteGlobalIDString = BE792702247EE55F0079652C;
			remoteInfo = Speezy;
		};
/* End PBXContainerItemProxy section */

/* Begin PBXFileReference section */
		09DA04407E481FEBE52FEC1E /* Pods-SpeezyTests.release.xcconfig */ = {isa = PBXFileReference; includeInIndex = 1; lastKnownFileType = text.xcconfig; name = "Pods-SpeezyTests.release.xcconfig"; path = "Target Support Files/Pods-SpeezyTests/Pods-SpeezyTests.release.xcconfig"; sourceTree = "<group>"; };
		0C9D8D96E584A10ABE2B3B59 /* Pods-SpeezyTests.debug.xcconfig */ = {isa = PBXFileReference; includeInIndex = 1; lastKnownFileType = text.xcconfig; name = "Pods-SpeezyTests.debug.xcconfig"; path = "Target Support Files/Pods-SpeezyTests/Pods-SpeezyTests.debug.xcconfig"; sourceTree = "<group>"; };
		3D45BDB346AA201D63840DD4 /* Pods-Speezy.release.xcconfig */ = {isa = PBXFileReference; includeInIndex = 1; lastKnownFileType = text.xcconfig; name = "Pods-Speezy.release.xcconfig"; path = "Target Support Files/Pods-Speezy/Pods-Speezy.release.xcconfig"; sourceTree = "<group>"; };
		86CD793C347B4292285E0E0E /* Pods-Speezy.debug.xcconfig */ = {isa = PBXFileReference; includeInIndex = 1; lastKnownFileType = text.xcconfig; name = "Pods-Speezy.debug.xcconfig"; path = "Target Support Files/Pods-Speezy/Pods-Speezy.debug.xcconfig"; sourceTree = "<group>"; };
		A004AD9738A08EB3DC671EBB /* Pods_SpeezyTests.framework */ = {isa = PBXFileReference; explicitFileType = wrapper.framework; includeInIndex = 0; path = Pods_SpeezyTests.framework; sourceTree = BUILT_PRODUCTS_DIR; };
		BE05275024CAC30900B0D22B /* VideoPlaceholderView.swift */ = {isa = PBXFileReference; lastKnownFileType = sourcecode.swift; path = VideoPlaceholderView.swift; sourceTree = "<group>"; };
		BE05275224CAC32400B0D22B /* VideoPlaceholderView.xib */ = {isa = PBXFileReference; lastKnownFileType = file.xib; path = VideoPlaceholderView.xib; sourceTree = "<group>"; };
		BE199F9224CF85F800F633EC /* AudioAttachmentManager.swift */ = {isa = PBXFileReference; lastKnownFileType = sourcecode.swift; path = AudioAttachmentManager.swift; sourceTree = "<group>"; };
		BE2B097724C7239300317EB7 /* AudioItemCell.swift */ = {isa = PBXFileReference; lastKnownFileType = sourcecode.swift; path = AudioItemCell.swift; sourceTree = "<group>"; };
		BE2B097824C7239300317EB7 /* AudioItemCell.xib */ = {isa = PBXFileReference; lastKnownFileType = file.xib; path = AudioItemCell.xib; sourceTree = "<group>"; };
		BE2B098124C732DC00317EB7 /* TagCell.xib */ = {isa = PBXFileReference; fileEncoding = 4; lastKnownFileType = file.xib; path = TagCell.xib; sourceTree = "<group>"; };
		BE2B098224C732DC00317EB7 /* TagsView.swift */ = {isa = PBXFileReference; fileEncoding = 4; lastKnownFileType = sourcecode.swift; path = TagsView.swift; sourceTree = "<group>"; };
		BE2B098324C732DC00317EB7 /* TagCell.swift */ = {isa = PBXFileReference; fileEncoding = 4; lastKnownFileType = sourcecode.swift; path = TagCell.swift; sourceTree = "<group>"; };
		BE2B098724C7336F00317EB7 /* NibLoadable.swift */ = {isa = PBXFileReference; lastKnownFileType = sourcecode.swift; path = NibLoadable.swift; sourceTree = "<group>"; };
		BE2B098924C73BD100317EB7 /* TagsView.xib */ = {isa = PBXFileReference; lastKnownFileType = file.xib; path = TagsView.xib; sourceTree = "<group>"; };
		BE50344824BA4D2C00A414D1 /* AudioContext.swift */ = {isa = PBXFileReference; lastKnownFileType = sourcecode.swift; path = AudioContext.swift; sourceTree = "<group>"; };
		BE50344A24BA4D5200A414D1 /* AudioLevelGenerator.swift */ = {isa = PBXFileReference; lastKnownFileType = sourcecode.swift; path = AudioLevelGenerator.swift; sourceTree = "<group>"; };
		BE50344C24BB21FD00A414D1 /* PlaybackView.xib */ = {isa = PBXFileReference; lastKnownFileType = file.xib; path = PlaybackView.xib; sourceTree = "<group>"; };
		BE50344E24BB25DA00A414D1 /* PlaybackView.swift */ = {isa = PBXFileReference; lastKnownFileType = sourcecode.swift; path = PlaybackView.swift; sourceTree = "<group>"; };
		BE50345024BB9C6C00A414D1 /* CropView.xib */ = {isa = PBXFileReference; lastKnownFileType = file.xib; path = CropView.xib; sourceTree = "<group>"; };
		BE50345224BB9C7600A414D1 /* CropView.swift */ = {isa = PBXFileReference; lastKnownFileType = sourcecode.swift; path = CropView.swift; sourceTree = "<group>"; };
		BE50346124BDFCA900A414D1 /* AudioManager.swift */ = {isa = PBXFileReference; lastKnownFileType = sourcecode.swift; path = AudioManager.swift; sourceTree = "<group>"; };
		BE50346424BE02B900A414D1 /* AudioItem.swift */ = {isa = PBXFileReference; lastKnownFileType = sourcecode.swift; path = AudioItem.swift; sourceTree = "<group>"; };
		BE50346724BE02CE00A414D1 /* AudioManagerObserver.swift */ = {isa = PBXFileReference; lastKnownFileType = sourcecode.swift; path = AudioManagerObserver.swift; sourceTree = "<group>"; };
		BE6565D324CC44CF00D77BFE /* UIView+AsImage.swift */ = {isa = PBXFileReference; lastKnownFileType = sourcecode.swift; path = "UIView+AsImage.swift"; sourceTree = "<group>"; };
		BE6565D524CC44E300D77BFE /* UIButton+Disable.swift */ = {isa = PBXFileReference; lastKnownFileType = sourcecode.swift; path = "UIButton+Disable.swift"; sourceTree = "<group>"; };
		BE6565D824CC450100D77BFE /* AudioShareable.swift */ = {isa = PBXFileReference; lastKnownFileType = sourcecode.swift; path = AudioShareable.swift; sourceTree = "<group>"; };
		BE77765F24D6C9C50009BE63 /* TimeFormatter.swift */ = {isa = PBXFileReference; lastKnownFileType = sourcecode.swift; path = TimeFormatter.swift; sourceTree = "<group>"; };
		BE77766724D6CB7A0009BE63 /* SettingsCoordinator.swift */ = {isa = PBXFileReference; lastKnownFileType = sourcecode.swift; path = SettingsCoordinator.swift; sourceTree = "<group>"; };
		BE77766924D6CB810009BE63 /* Settings.storyboard */ = {isa = PBXFileReference; lastKnownFileType = file.storyboard; path = Settings.storyboard; sourceTree = "<group>"; };
		BE77766B24D6CB8A0009BE63 /* SettingsItemListViewController.swift */ = {isa = PBXFileReference; lastKnownFileType = sourcecode.swift; path = SettingsItemListViewController.swift; sourceTree = "<group>"; };
		BE77766D24D6CBEC0009BE63 /* SettingsCell.swift */ = {isa = PBXFileReference; lastKnownFileType = sourcecode.swift; path = SettingsCell.swift; sourceTree = "<group>"; };
		BE77766E24D6CBEC0009BE63 /* SettingsCell.xib */ = {isa = PBXFileReference; lastKnownFileType = file.xib; path = SettingsCell.xib; sourceTree = "<group>"; };
		BE77767224D6CCD90009BE63 /* SettingsItem.swift */ = {isa = PBXFileReference; lastKnownFileType = sourcecode.swift; path = SettingsItem.swift; sourceTree = "<group>"; };
		BE77767424D6D3100009BE63 /* SettingsFooterView.xib */ = {isa = PBXFileReference; lastKnownFileType = file.xib; path = SettingsFooterView.xib; sourceTree = "<group>"; };
		BE77767624D6D3390009BE63 /* SettingsFooterView.swift */ = {isa = PBXFileReference; lastKnownFileType = sourcecode.swift; path = SettingsFooterView.swift; sourceTree = "<group>"; };
		BE77767824D6DA6E0009BE63 /* PrivacyPolicyViewController.swift */ = {isa = PBXFileReference; lastKnownFileType = sourcecode.swift; path = PrivacyPolicyViewController.swift; sourceTree = "<group>"; };
		BE77767A24D6DAAB0009BE63 /* privacy-policy.html */ = {isa = PBXFileReference; fileEncoding = 4; lastKnownFileType = text.html; path = "privacy-policy.html"; sourceTree = "<group>"; };
		BE77767C24D6DB8B0009BE63 /* WebKit.framework */ = {isa = PBXFileReference; lastKnownFileType = wrapper.framework; name = WebKit.framework; path = System/Library/Frameworks/WebKit.framework; sourceTree = SDKROOT; };
		BE792703247EE55F0079652C /* Speezy.app */ = {isa = PBXFileReference; explicitFileType = wrapper.application; includeInIndex = 0; path = Speezy.app; sourceTree = BUILT_PRODUCTS_DIR; };
		BE792706247EE55F0079652C /* AppDelegate.swift */ = {isa = PBXFileReference; lastKnownFileType = sourcecode.swift; path = AppDelegate.swift; sourceTree = "<group>"; };
		BE792708247EE55F0079652C /* SceneDelegate.swift */ = {isa = PBXFileReference; lastKnownFileType = sourcecode.swift; path = SceneDelegate.swift; sourceTree = "<group>"; };
		BE79270A247EE55F0079652C /* AudioItemViewController.swift */ = {isa = PBXFileReference; lastKnownFileType = sourcecode.swift; path = AudioItemViewController.swift; sourceTree = "<group>"; };
		BE79270D247EE55F0079652C /* Base */ = {isa = PBXFileReference; lastKnownFileType = file.storyboard; name = Base; path = Base.lproj/Audio.storyboard; sourceTree = "<group>"; };
		BE79270F247EE5610079652C /* Assets.xcassets */ = {isa = PBXFileReference; lastKnownFileType = folder.assetcatalog; path = Assets.xcassets; sourceTree = "<group>"; };
		BE792712247EE5610079652C /* Base */ = {isa = PBXFileReference; lastKnownFileType = file.storyboard; name = Base; path = Base.lproj/LaunchScreen.storyboard; sourceTree = "<group>"; };
		BE792714247EE5610079652C /* Info.plist */ = {isa = PBXFileReference; lastKnownFileType = text.plist.xml; path = Info.plist; sourceTree = "<group>"; };
		BE792719247EE5610079652C /* SpeezyTests.xctest */ = {isa = PBXFileReference; explicitFileType = wrapper.cfbundle; includeInIndex = 0; path = SpeezyTests.xctest; sourceTree = BUILT_PRODUCTS_DIR; };
		BE79271D247EE5610079652C /* SpeezyTests.swift */ = {isa = PBXFileReference; lastKnownFileType = sourcecode.swift; path = SpeezyTests.swift; sourceTree = "<group>"; };
		BE79271F247EE5610079652C /* Info.plist */ = {isa = PBXFileReference; lastKnownFileType = text.plist.xml; path = Info.plist; sourceTree = "<group>"; };
		BEAACE8F24BA1C270074E4B9 /* AudioEditor.swift */ = {isa = PBXFileReference; lastKnownFileType = sourcecode.swift; path = AudioEditor.swift; sourceTree = "<group>"; };
		BEBFD4A924C58D3800200D87 /* AudioVisualizationView.swift */ = {isa = PBXFileReference; fileEncoding = 4; lastKnownFileType = sourcecode.swift; path = AudioVisualizationView.swift; sourceTree = "<group>"; };
		BEBFD4AA24C58D3800200D87 /* AudioVisualizationView.xib */ = {isa = PBXFileReference; fileEncoding = 4; lastKnownFileType = file.xib; path = AudioVisualizationView.xib; sourceTree = "<group>"; };
		BEBFD4AB24C58D3800200D87 /* BaseNibView.swift */ = {isa = PBXFileReference; fileEncoding = 4; lastKnownFileType = sourcecode.swift; path = BaseNibView.swift; sourceTree = "<group>"; };
		BEBFD4B324C595F800200D87 /* TimelineView.swift */ = {isa = PBXFileReference; lastKnownFileType = sourcecode.swift; path = TimelineView.swift; sourceTree = "<group>"; };
		BEBFD4B724C59EE900200D87 /* AudioRecorder.swift */ = {isa = PBXFileReference; lastKnownFileType = sourcecode.swift; path = AudioRecorder.swift; sourceTree = "<group>"; };
		BEBFD4B924C5A23700200D87 /* AudioPlayer.swift */ = {isa = PBXFileReference; lastKnownFileType = sourcecode.swift; path = AudioPlayer.swift; sourceTree = "<group>"; };
		BEBFD4BB24C5A6FB00200D87 /* AudioCropper.swift */ = {isa = PBXFileReference; lastKnownFileType = sourcecode.swift; path = AudioCropper.swift; sourceTree = "<group>"; };
		BEBFD4BF24C5B9C700200D87 /* AppCoordinator.swift */ = {isa = PBXFileReference; lastKnownFileType = sourcecode.swift; path = AppCoordinator.swift; sourceTree = "<group>"; };
		BEBFD4C224C5B9DC00200D87 /* ViewCoordinator.swift */ = {isa = PBXFileReference; lastKnownFileType = sourcecode.swift; path = ViewCoordinator.swift; sourceTree = "<group>"; };
		BEBFD4C524C5BAB100200D87 /* AudioItemCoordinator.swift */ = {isa = PBXFileReference; lastKnownFileType = sourcecode.swift; path = AudioItemCoordinator.swift; sourceTree = "<group>"; };
		BEBFD4C724C5BD1E00200D87 /* FileManager+Helpers.swift */ = {isa = PBXFileReference; lastKnownFileType = sourcecode.swift; path = "FileManager+Helpers.swift"; sourceTree = "<group>"; };
		BEBFD4CA24C5DB8700200D87 /* Storage.swift */ = {isa = PBXFileReference; lastKnownFileType = sourcecode.swift; path = Storage.swift; sourceTree = "<group>"; };
		BEBFD4CC24C5DC0300200D87 /* Array+Helpers.swift */ = {isa = PBXFileReference; lastKnownFileType = sourcecode.swift; path = "Array+Helpers.swift"; sourceTree = "<group>"; };
		BEBFD4CE24C5DC2600200D87 /* Identifiable.swift */ = {isa = PBXFileReference; lastKnownFileType = sourcecode.swift; path = Identifiable.swift; sourceTree = "<group>"; };
		BEBFD4D024C5DC9600200D87 /* AudioStorage.swift */ = {isa = PBXFileReference; lastKnownFileType = sourcecode.swift; path = AudioStorage.swift; sourceTree = "<group>"; };
		BEBFD4D224C5DD8300200D87 /* AudioItemListViewController.swift */ = {isa = PBXFileReference; lastKnownFileType = sourcecode.swift; path = AudioItemListViewController.swift; sourceTree = "<group>"; };
		BEF0ECB324BF94A400B9D554 /* UIView+Shadow.swift */ = {isa = PBXFileReference; lastKnownFileType = sourcecode.swift; path = "UIView+Shadow.swift"; sourceTree = "<group>"; };
		BEFCDBDF24D0282400A6232E /* CustomVideoPlaceholderView.xib */ = {isa = PBXFileReference; lastKnownFileType = file.xib; path = CustomVideoPlaceholderView.xib; sourceTree = "<group>"; };
		BEFCDBE124D028E100A6232E /* CustomVideoPlaceholderView.swift */ = {isa = PBXFileReference; lastKnownFileType = sourcecode.swift; path = CustomVideoPlaceholderView.swift; sourceTree = "<group>"; };
		BEFCDBE424D047DE00A6232E /* SpeezyButton.swift */ = {isa = PBXFileReference; lastKnownFileType = sourcecode.swift; path = SpeezyButton.swift; sourceTree = "<group>"; };
		F71429DDB4953F7C3622682B /* Pods_Speezy.framework */ = {isa = PBXFileReference; explicitFileType = wrapper.framework; includeInIndex = 0; path = Pods_Speezy.framework; sourceTree = BUILT_PRODUCTS_DIR; };
/* End PBXFileReference section */

/* Begin PBXFrameworksBuildPhase section */
		BE792700247EE55F0079652C /* Frameworks */ = {
			isa = PBXFrameworksBuildPhase;
			buildActionMask = 2147483647;
			files = (
				BE77767D24D6DB8B0009BE63 /* WebKit.framework in Frameworks */,
				94454CFB332F7797FE84738E /* Pods_Speezy.framework in Frameworks */,
			);
			runOnlyForDeploymentPostprocessing = 0;
		};
		BE792716247EE5610079652C /* Frameworks */ = {
			isa = PBXFrameworksBuildPhase;
			buildActionMask = 2147483647;
			files = (
				00ECD81F74E696D80D8FB459 /* Pods_SpeezyTests.framework in Frameworks */,
			);
			runOnlyForDeploymentPostprocessing = 0;
		};
/* End PBXFrameworksBuildPhase section */

/* Begin PBXGroup section */
		3683BCE6F03FBB401BF78B91 /* Pods */ = {
			isa = PBXGroup;
			children = (
				86CD793C347B4292285E0E0E /* Pods-Speezy.debug.xcconfig */,
				3D45BDB346AA201D63840DD4 /* Pods-Speezy.release.xcconfig */,
				0C9D8D96E584A10ABE2B3B59 /* Pods-SpeezyTests.debug.xcconfig */,
				09DA04407E481FEBE52FEC1E /* Pods-SpeezyTests.release.xcconfig */,
			);
			path = Pods;
			sourceTree = "<group>";
		};
		BE50346324BE02B100A414D1 /* Models */ = {
			isa = PBXGroup;
			children = (
				BE50346424BE02B900A414D1 /* AudioItem.swift */,
			);
			path = Models;
			sourceTree = "<group>";
		};
		BE50346624BE02C600A414D1 /* Protocols */ = {
			isa = PBXGroup;
			children = (
				BE50346724BE02CE00A414D1 /* AudioManagerObserver.swift */,
				BE6565D824CC450100D77BFE /* AudioShareable.swift */,
			);
			path = Protocols;
			sourceTree = "<group>";
		};
		BE77766224D6CB440009BE63 /* Settings */ = {
			isa = PBXGroup;
			children = (
				BE77767124D6CCD10009BE63 /* Models */,
				BE77766324D6CB4B0009BE63 /* Coordinators */,
				BE77766424D6CB4F0009BE63 /* Storyboards */,
				BE77766524D6CB570009BE63 /* View Controllers */,
				BE77766624D6CB6D0009BE63 /* Views */,
			);
			path = Settings;
			sourceTree = "<group>";
		};
		BE77766324D6CB4B0009BE63 /* Coordinators */ = {
			isa = PBXGroup;
			children = (
				BE77766724D6CB7A0009BE63 /* SettingsCoordinator.swift */,
			);
			path = Coordinators;
			sourceTree = "<group>";
		};
		BE77766424D6CB4F0009BE63 /* Storyboards */ = {
			isa = PBXGroup;
			children = (
				BE77766924D6CB810009BE63 /* Settings.storyboard */,
			);
			path = Storyboards;
			sourceTree = "<group>";
		};
		BE77766524D6CB570009BE63 /* View Controllers */ = {
			isa = PBXGroup;
			children = (
				BE77766B24D6CB8A0009BE63 /* SettingsItemListViewController.swift */,
				BE77767824D6DA6E0009BE63 /* PrivacyPolicyViewController.swift */,
			);
			path = "View Controllers";
			sourceTree = "<group>";
		};
		BE77766624D6CB6D0009BE63 /* Views */ = {
			isa = PBXGroup;
			children = (
				BE77766D24D6CBEC0009BE63 /* SettingsCell.swift */,
				BE77766E24D6CBEC0009BE63 /* SettingsCell.xib */,
				BE77767424D6D3100009BE63 /* SettingsFooterView.xib */,
				BE77767624D6D3390009BE63 /* SettingsFooterView.swift */,
			);
			path = Views;
			sourceTree = "<group>";
		};
		BE77767124D6CCD10009BE63 /* Models */ = {
			isa = PBXGroup;
			children = (
				BE77767224D6CCD90009BE63 /* SettingsItem.swift */,
			);
			path = Models;
			sourceTree = "<group>";
		};
		BE7926FA247EE55F0079652C = {
			isa = PBXGroup;
			children = (
				BE792705247EE55F0079652C /* Speezy */,
				BE79271C247EE5610079652C /* SpeezyTests */,
				BE792704247EE55F0079652C /* Products */,
				3683BCE6F03FBB401BF78B91 /* Pods */,
				E15487FD64A1D16053241EB9 /* Frameworks */,
			);
			sourceTree = "<group>";
		};
		BE792704247EE55F0079652C /* Products */ = {
			isa = PBXGroup;
			children = (
				BE792703247EE55F0079652C /* Speezy.app */,
				BE792719247EE5610079652C /* SpeezyTests.xctest */,
			);
			name = Products;
			sourceTree = "<group>";
		};
		BE792705247EE55F0079652C /* Speezy */ = {
			isa = PBXGroup;
			children = (
				BEF0ECB024BF948D00B9D554 /* App */,
				BEAACE8324BA031A0074E4B9 /* Audio */,
				BE77766224D6CB440009BE63 /* Settings */,
				BEBFD49C24C58C8400200D87 /* SoundWave */,
				BE792706247EE55F0079652C /* AppDelegate.swift */,
				BE792708247EE55F0079652C /* SceneDelegate.swift */,
				BE79270F247EE5610079652C /* Assets.xcassets */,
				BE792711247EE5610079652C /* LaunchScreen.storyboard */,
				BE792714247EE5610079652C /* Info.plist */,
				BE77767A24D6DAAB0009BE63 /* privacy-policy.html */,
			);
			path = Speezy;
			sourceTree = "<group>";
		};
		BE79271C247EE5610079652C /* SpeezyTests */ = {
			isa = PBXGroup;
			children = (
				BE79271D247EE5610079652C /* SpeezyTests.swift */,
				BE79271F247EE5610079652C /* Info.plist */,
			);
			path = SpeezyTests;
			sourceTree = "<group>";
		};
		BEAACE8324BA031A0074E4B9 /* Audio */ = {
			isa = PBXGroup;
			children = (
				BEAACE8A24BA10400074E4B9 /* Controllers */,
				BEBFD4C424C5BAA600200D87 /* Coordinators */,
				BE50346324BE02B100A414D1 /* Models */,
				BE50346624BE02C600A414D1 /* Protocols */,
				BEBFD4BD24C5B98200200D87 /* Storyboards */,
				BEAACE8424BA04D70074E4B9 /* View Controllers */,
				BEAACE8924BA08710074E4B9 /* Views */,
			);
			path = Audio;
			sourceTree = "<group>";
		};
		BEAACE8424BA04D70074E4B9 /* View Controllers */ = {
			isa = PBXGroup;
			children = (
				BE79270A247EE55F0079652C /* AudioItemViewController.swift */,
				BEBFD4D224C5DD8300200D87 /* AudioItemListViewController.swift */,
			);
			path = "View Controllers";
			sourceTree = "<group>";
		};
		BEAACE8924BA08710074E4B9 /* Views */ = {
			isa = PBXGroup;
			children = (
				BE2B097724C7239300317EB7 /* AudioItemCell.swift */,
				BE2B097824C7239300317EB7 /* AudioItemCell.xib */,
				BE50345224BB9C7600A414D1 /* CropView.swift */,
				BE50345024BB9C6C00A414D1 /* CropView.xib */,
				BE50344E24BB25DA00A414D1 /* PlaybackView.swift */,
				BE50344C24BB21FD00A414D1 /* PlaybackView.xib */,
				BE2B098324C732DC00317EB7 /* TagCell.swift */,
				BE2B098124C732DC00317EB7 /* TagCell.xib */,
				BE2B098224C732DC00317EB7 /* TagsView.swift */,
				BE2B098924C73BD100317EB7 /* TagsView.xib */,
				BEBFD4B324C595F800200D87 /* TimelineView.swift */,
				BE05275024CAC30900B0D22B /* VideoPlaceholderView.swift */,
				BE05275224CAC32400B0D22B /* VideoPlaceholderView.xib */,
				BEFCDBDF24D0282400A6232E /* CustomVideoPlaceholderView.xib */,
				BEFCDBE124D028E100A6232E /* CustomVideoPlaceholderView.swift */,
			);
			path = Views;
			sourceTree = "<group>";
		};
		BEAACE8A24BA10400074E4B9 /* Controllers */ = {
			isa = PBXGroup;
			children = (
				BEAACE8F24BA1C270074E4B9 /* AudioEditor.swift */,
				BE50344824BA4D2C00A414D1 /* AudioContext.swift */,
				BE50344A24BA4D5200A414D1 /* AudioLevelGenerator.swift */,
				BE50346124BDFCA900A414D1 /* AudioManager.swift */,
				BEBFD4B724C59EE900200D87 /* AudioRecorder.swift */,
				BEBFD4B924C5A23700200D87 /* AudioPlayer.swift */,
				BEBFD4BB24C5A6FB00200D87 /* AudioCropper.swift */,
				BEBFD4D024C5DC9600200D87 /* AudioStorage.swift */,
				BE199F9224CF85F800F633EC /* AudioAttachmentManager.swift */,
				BE77765F24D6C9C50009BE63 /* TimeFormatter.swift */,
			);
			path = Controllers;
			sourceTree = "<group>";
		};
		BEBFD49C24C58C8400200D87 /* SoundWave */ = {
			isa = PBXGroup;
			children = (
				BEBFD49D24C58C9000200D87 /* Views */,
			);
			path = SoundWave;
			sourceTree = "<group>";
		};
		BEBFD49D24C58C9000200D87 /* Views */ = {
			isa = PBXGroup;
			children = (
				BEBFD4A924C58D3800200D87 /* AudioVisualizationView.swift */,
				BEBFD4AA24C58D3800200D87 /* AudioVisualizationView.xib */,
				BEBFD4AB24C58D3800200D87 /* BaseNibView.swift */,
			);
			path = Views;
			sourceTree = "<group>";
		};
		BEBFD4BD24C5B98200200D87 /* Storyboards */ = {
			isa = PBXGroup;
			children = (
				BE79270C247EE55F0079652C /* Audio.storyboard */,
			);
			path = Storyboards;
			sourceTree = "<group>";
		};
		BEBFD4BE24C5B9B600200D87 /* Coordinators */ = {
			isa = PBXGroup;
			children = (
				BEBFD4BF24C5B9C700200D87 /* AppCoordinator.swift */,
			);
			path = Coordinators;
			sourceTree = "<group>";
		};
		BEBFD4C124C5B9D200200D87 /* Protocols */ = {
			isa = PBXGroup;
			children = (
				BEBFD4C224C5B9DC00200D87 /* ViewCoordinator.swift */,
				BEBFD4CE24C5DC2600200D87 /* Identifiable.swift */,
				BE2B098724C7336F00317EB7 /* NibLoadable.swift */,
			);
			path = Protocols;
			sourceTree = "<group>";
		};
		BEBFD4C424C5BAA600200D87 /* Coordinators */ = {
			isa = PBXGroup;
			children = (
				BEBFD4C524C5BAB100200D87 /* AudioItemCoordinator.swift */,
			);
			path = Coordinators;
			sourceTree = "<group>";
		};
		BEBFD4C924C5DB7C00200D87 /* Controllers */ = {
			isa = PBXGroup;
			children = (
				BEBFD4CA24C5DB8700200D87 /* Storage.swift */,
			);
			path = Controllers;
			sourceTree = "<group>";
		};
		BEF0ECB024BF948D00B9D554 /* App */ = {
			isa = PBXGroup;
			children = (
				BEBFD4C924C5DB7C00200D87 /* Controllers */,
				BEBFD4BE24C5B9B600200D87 /* Coordinators */,
				BEF0ECB124BF949400B9D554 /* Extensions */,
				BEBFD4C124C5B9D200200D87 /* Protocols */,
				BEFCDBE324D047D100A6232E /* Views */,
			);
			path = App;
			sourceTree = "<group>";
		};
		BEF0ECB124BF949400B9D554 /* Extensions */ = {
			isa = PBXGroup;
			children = (
				BEF0ECB224BF949800B9D554 /* UI */,
				BEBFD4C724C5BD1E00200D87 /* FileManager+Helpers.swift */,
				BEBFD4CC24C5DC0300200D87 /* Array+Helpers.swift */,
			);
			path = Extensions;
			sourceTree = "<group>";
		};
		BEF0ECB224BF949800B9D554 /* UI */ = {
			isa = PBXGroup;
			children = (
				BEF0ECB324BF94A400B9D554 /* UIView+Shadow.swift */,
				BE6565D324CC44CF00D77BFE /* UIView+AsImage.swift */,
				BE6565D524CC44E300D77BFE /* UIButton+Disable.swift */,
			);
			path = UI;
			sourceTree = "<group>";
		};
		BEFCDBE324D047D100A6232E /* Views */ = {
			isa = PBXGroup;
			children = (
				BEFCDBE424D047DE00A6232E /* SpeezyButton.swift */,
			);
			path = Views;
			sourceTree = "<group>";
		};
		E15487FD64A1D16053241EB9 /* Frameworks */ = {
			isa = PBXGroup;
			children = (
				BE77767C24D6DB8B0009BE63 /* WebKit.framework */,
				F71429DDB4953F7C3622682B /* Pods_Speezy.framework */,
				A004AD9738A08EB3DC671EBB /* Pods_SpeezyTests.framework */,
			);
			name = Frameworks;
			sourceTree = "<group>";
		};
/* End PBXGroup section */

/* Begin PBXNativeTarget section */
		BE792702247EE55F0079652C /* Speezy */ = {
			isa = PBXNativeTarget;
			buildConfigurationList = BE792722247EE5610079652C /* Build configuration list for PBXNativeTarget "Speezy" */;
			buildPhases = (
				A0B8742759FA5DB3E81A49F8 /* [CP] Check Pods Manifest.lock */,
				BE7926FF247EE55F0079652C /* Sources */,
				BE792700247EE55F0079652C /* Frameworks */,
				BE792701247EE55F0079652C /* Resources */,
				8BD7A46B0703E53F9D366220 /* [CP] Embed Pods Frameworks */,
			);
			buildRules = (
			);
			dependencies = (
			);
			name = Speezy;
			productName = Speezy;
			productReference = BE792703247EE55F0079652C /* Speezy.app */;
			productType = "com.apple.product-type.application";
		};
		BE792718247EE5610079652C /* SpeezyTests */ = {
			isa = PBXNativeTarget;
			buildConfigurationList = BE792725247EE5610079652C /* Build configuration list for PBXNativeTarget "SpeezyTests" */;
			buildPhases = (
				5F4458E6A8545A8ED09BB292 /* [CP] Check Pods Manifest.lock */,
				BE792715247EE5610079652C /* Sources */,
				BE792716247EE5610079652C /* Frameworks */,
				BE792717247EE5610079652C /* Resources */,
			);
			buildRules = (
			);
			dependencies = (
				BE79271B247EE5610079652C /* PBXTargetDependency */,
			);
			name = SpeezyTests;
			productName = SpeezyTests;
			productReference = BE792719247EE5610079652C /* SpeezyTests.xctest */;
			productType = "com.apple.product-type.bundle.unit-test";
		};
/* End PBXNativeTarget section */

/* Begin PBXProject section */
		BE7926FB247EE55F0079652C /* Project object */ = {
			isa = PBXProject;
			attributes = {
				LastSwiftUpdateCheck = 1140;
				LastUpgradeCheck = 1140;
				ORGANIZATIONNAME = Speezy;
				TargetAttributes = {
					BE792702247EE55F0079652C = {
						CreatedOnToolsVersion = 11.4.1;
					};
					BE792718247EE5610079652C = {
						CreatedOnToolsVersion = 11.4.1;
						TestTargetID = BE792702247EE55F0079652C;
					};
				};
			};
			buildConfigurationList = BE7926FE247EE55F0079652C /* Build configuration list for PBXProject "Speezy" */;
			compatibilityVersion = "Xcode 9.3";
			developmentRegion = en;
			hasScannedForEncodings = 0;
			knownRegions = (
				en,
				Base,
			);
			mainGroup = BE7926FA247EE55F0079652C;
			productRefGroup = BE792704247EE55F0079652C /* Products */;
			projectDirPath = "";
			projectRoot = "";
			targets = (
				BE792702247EE55F0079652C /* Speezy */,
				BE792718247EE5610079652C /* SpeezyTests */,
			);
		};
/* End PBXProject section */

/* Begin PBXResourcesBuildPhase section */
		BE792701247EE55F0079652C /* Resources */ = {
			isa = PBXResourcesBuildPhase;
			buildActionMask = 2147483647;
			files = (
				BE50344D24BB21FD00A414D1 /* PlaybackView.xib in Resources */,
				BE792713247EE5610079652C /* LaunchScreen.storyboard in Resources */,
				BE05275324CAC32400B0D22B /* VideoPlaceholderView.xib in Resources */,
				BE77766A24D6CB810009BE63 /* Settings.storyboard in Resources */,
				BE77767B24D6DAAB0009BE63 /* privacy-policy.html in Resources */,
				BE2B098424C732DC00317EB7 /* TagCell.xib in Resources */,
				BE792710247EE5610079652C /* Assets.xcassets in Resources */,
				BE2B097A24C7239300317EB7 /* AudioItemCell.xib in Resources */,
				BE2B098A24C73BD100317EB7 /* TagsView.xib in Resources */,
				BE79270E247EE55F0079652C /* Audio.storyboard in Resources */,
				BE50345124BB9C6C00A414D1 /* CropView.xib in Resources */,
				BE77767024D6CBEC0009BE63 /* SettingsCell.xib in Resources */,
				BEBFD4AD24C58D3800200D87 /* AudioVisualizationView.xib in Resources */,
				BEFCDBE024D0282400A6232E /* CustomVideoPlaceholderView.xib in Resources */,
				BE77767524D6D3100009BE63 /* SettingsFooterView.xib in Resources */,
			);
			runOnlyForDeploymentPostprocessing = 0;
		};
		BE792717247EE5610079652C /* Resources */ = {
			isa = PBXResourcesBuildPhase;
			buildActionMask = 2147483647;
			files = (
			);
			runOnlyForDeploymentPostprocessing = 0;
		};
/* End PBXResourcesBuildPhase section */

/* Begin PBXShellScriptBuildPhase section */
		5F4458E6A8545A8ED09BB292 /* [CP] Check Pods Manifest.lock */ = {
			isa = PBXShellScriptBuildPhase;
			buildActionMask = 2147483647;
			files = (
			);
			inputFileListPaths = (
			);
			inputPaths = (
				"${PODS_PODFILE_DIR_PATH}/Podfile.lock",
				"${PODS_ROOT}/Manifest.lock",
			);
			name = "[CP] Check Pods Manifest.lock";
			outputFileListPaths = (
			);
			outputPaths = (
				"$(DERIVED_FILE_DIR)/Pods-SpeezyTests-checkManifestLockResult.txt",
			);
			runOnlyForDeploymentPostprocessing = 0;
			shellPath = /bin/sh;
			shellScript = "diff \"${PODS_PODFILE_DIR_PATH}/Podfile.lock\" \"${PODS_ROOT}/Manifest.lock\" > /dev/null\nif [ $? != 0 ] ; then\n    # print error to STDERR\n    echo \"error: The sandbox is not in sync with the Podfile.lock. Run 'pod install' or update your CocoaPods installation.\" >&2\n    exit 1\nfi\n# This output is used by Xcode 'outputs' to avoid re-running this script phase.\necho \"SUCCESS\" > \"${SCRIPT_OUTPUT_FILE_0}\"\n";
			showEnvVarsInLog = 0;
		};
		8BD7A46B0703E53F9D366220 /* [CP] Embed Pods Frameworks */ = {
			isa = PBXShellScriptBuildPhase;
			buildActionMask = 2147483647;
			files = (
			);
			inputFileListPaths = (
				"${PODS_ROOT}/Target Support Files/Pods-Speezy/Pods-Speezy-frameworks-${CONFIGURATION}-input-files.xcfilelist",
			);
			name = "[CP] Embed Pods Frameworks";
			outputFileListPaths = (
				"${PODS_ROOT}/Target Support Files/Pods-Speezy/Pods-Speezy-frameworks-${CONFIGURATION}-output-files.xcfilelist",
			);
			runOnlyForDeploymentPostprocessing = 0;
			shellPath = /bin/sh;
			shellScript = "\"${PODS_ROOT}/Target Support Files/Pods-Speezy/Pods-Speezy-frameworks.sh\"\n";
			showEnvVarsInLog = 0;
		};
		A0B8742759FA5DB3E81A49F8 /* [CP] Check Pods Manifest.lock */ = {
			isa = PBXShellScriptBuildPhase;
			buildActionMask = 2147483647;
			files = (
			);
			inputFileListPaths = (
			);
			inputPaths = (
				"${PODS_PODFILE_DIR_PATH}/Podfile.lock",
				"${PODS_ROOT}/Manifest.lock",
			);
			name = "[CP] Check Pods Manifest.lock";
			outputFileListPaths = (
			);
			outputPaths = (
				"$(DERIVED_FILE_DIR)/Pods-Speezy-checkManifestLockResult.txt",
			);
			runOnlyForDeploymentPostprocessing = 0;
			shellPath = /bin/sh;
			shellScript = "diff \"${PODS_PODFILE_DIR_PATH}/Podfile.lock\" \"${PODS_ROOT}/Manifest.lock\" > /dev/null\nif [ $? != 0 ] ; then\n    # print error to STDERR\n    echo \"error: The sandbox is not in sync with the Podfile.lock. Run 'pod install' or update your CocoaPods installation.\" >&2\n    exit 1\nfi\n# This output is used by Xcode 'outputs' to avoid re-running this script phase.\necho \"SUCCESS\" > \"${SCRIPT_OUTPUT_FILE_0}\"\n";
			showEnvVarsInLog = 0;
		};
/* End PBXShellScriptBuildPhase section */

/* Begin PBXSourcesBuildPhase section */
		BE7926FF247EE55F0079652C /* Sources */ = {
			isa = PBXSourcesBuildPhase;
			buildActionMask = 2147483647;
			files = (
				BE50344B24BA4D5200A414D1 /* AudioLevelGenerator.swift in Sources */,
				BEF0ECB424BF94A400B9D554 /* UIView+Shadow.swift in Sources */,
				BE2B098624C732DC00317EB7 /* TagCell.swift in Sources */,
				BE50345324BB9C7600A414D1 /* CropView.swift in Sources */,
				BE79270B247EE55F0079652C /* AudioItemViewController.swift in Sources */,
				BE50344924BA4D2C00A414D1 /* AudioContext.swift in Sources */,
				BE792707247EE55F0079652C /* AppDelegate.swift in Sources */,
				BE77766024D6C9C50009BE63 /* TimeFormatter.swift in Sources */,
				BE50344F24BB25DA00A414D1 /* PlaybackView.swift in Sources */,
				BE792709247EE55F0079652C /* SceneDelegate.swift in Sources */,
				BEBFD4CF24C5DC2600200D87 /* Identifiable.swift in Sources */,
				BE05275124CAC30900B0D22B /* VideoPlaceholderView.swift in Sources */,
				BE6565D924CC450100D77BFE /* AudioShareable.swift in Sources */,
				BE50346524BE02B900A414D1 /* AudioItem.swift in Sources */,
				BE77766F24D6CBEC0009BE63 /* SettingsCell.swift in Sources */,
				BEBFD4B824C59EE900200D87 /* AudioRecorder.swift in Sources */,
				BEBFD4C624C5BAB100200D87 /* AudioItemCoordinator.swift in Sources */,
				BEBFD4BA24C5A23700200D87 /* AudioPlayer.swift in Sources */,
				BE2B098824C7336F00317EB7 /* NibLoadable.swift in Sources */,
				BE199F9324CF85F800F633EC /* AudioAttachmentManager.swift in Sources */,
				BEBFD4AE24C58D3800200D87 /* BaseNibView.swift in Sources */,
				BE50346224BDFCA900A414D1 /* AudioManager.swift in Sources */,
				BE50346824BE02CE00A414D1 /* AudioManagerObserver.swift in Sources */,
				BEBFD4CB24C5DB8700200D87 /* Storage.swift in Sources */,
				BEAACE9024BA1C270074E4B9 /* AudioEditor.swift in Sources */,
				BEBFD4D124C5DC9600200D87 /* AudioStorage.swift in Sources */,
				BE77766824D6CB7A0009BE63 /* SettingsCoordinator.swift in Sources */,
				BEBFD4C024C5B9C700200D87 /* AppCoordinator.swift in Sources */,
				BEBFD4D324C5DD8300200D87 /* AudioItemListViewController.swift in Sources */,
				BE6565D424CC44CF00D77BFE /* UIView+AsImage.swift in Sources */,
				BEBFD4C824C5BD1E00200D87 /* FileManager+Helpers.swift in Sources */,
				BEBFD4CD24C5DC0300200D87 /* Array+Helpers.swift in Sources */,
				BE77767324D6CCD90009BE63 /* SettingsItem.swift in Sources */,
				BE2B098524C732DC00317EB7 /* TagsView.swift in Sources */,
				BE6565D624CC44E300D77BFE /* UIButton+Disable.swift in Sources */,
				BEFCDBE524D047DE00A6232E /* SpeezyButton.swift in Sources */,
				BE2B097924C7239300317EB7 /* AudioItemCell.swift in Sources */,
				BEFCDBE224D028E100A6232E /* CustomVideoPlaceholderView.swift in Sources */,
				BEBFD4BC24C5A6FB00200D87 /* AudioCropper.swift in Sources */,
				BEBFD4AC24C58D3800200D87 /* AudioVisualizationView.swift in Sources */,
				BEBFD4B424C595F800200D87 /* TimelineView.swift in Sources */,
				BE77766C24D6CB8A0009BE63 /* SettingsItemListViewController.swift in Sources */,
				BE77767924D6DA6E0009BE63 /* PrivacyPolicyViewController.swift in Sources */,
				BE77767724D6D3390009BE63 /* SettingsFooterView.swift in Sources */,
				BEBFD4C324C5B9DC00200D87 /* ViewCoordinator.swift in Sources */,
			);
			runOnlyForDeploymentPostprocessing = 0;
		};
		BE792715247EE5610079652C /* Sources */ = {
			isa = PBXSourcesBuildPhase;
			buildActionMask = 2147483647;
			files = (
				BE79271E247EE5610079652C /* SpeezyTests.swift in Sources */,
			);
			runOnlyForDeploymentPostprocessing = 0;
		};
/* End PBXSourcesBuildPhase section */

/* Begin PBXTargetDependency section */
		BE79271B247EE5610079652C /* PBXTargetDependency */ = {
			isa = PBXTargetDependency;
			target = BE792702247EE55F0079652C /* Speezy */;
			targetProxy = BE79271A247EE5610079652C /* PBXContainerItemProxy */;
		};
/* End PBXTargetDependency section */

/* Begin PBXVariantGroup section */
		BE79270C247EE55F0079652C /* Audio.storyboard */ = {
			isa = PBXVariantGroup;
			children = (
				BE79270D247EE55F0079652C /* Base */,
			);
			name = Audio.storyboard;
			sourceTree = "<group>";
		};
		BE792711247EE5610079652C /* LaunchScreen.storyboard */ = {
			isa = PBXVariantGroup;
			children = (
				BE792712247EE5610079652C /* Base */,
			);
			name = LaunchScreen.storyboard;
			sourceTree = "<group>";
		};
/* End PBXVariantGroup section */

/* Begin XCBuildConfiguration section */
		BE792720247EE5610079652C /* Debug */ = {
			isa = XCBuildConfiguration;
			buildSettings = {
				ALWAYS_SEARCH_USER_PATHS = NO;
				CLANG_ANALYZER_NONNULL = YES;
				CLANG_ANALYZER_NUMBER_OBJECT_CONVERSION = YES_AGGRESSIVE;
				CLANG_CXX_LANGUAGE_STANDARD = "gnu++14";
				CLANG_CXX_LIBRARY = "libc++";
				CLANG_ENABLE_MODULES = YES;
				CLANG_ENABLE_OBJC_ARC = YES;
				CLANG_ENABLE_OBJC_WEAK = YES;
				CLANG_WARN_BLOCK_CAPTURE_AUTORELEASING = YES;
				CLANG_WARN_BOOL_CONVERSION = YES;
				CLANG_WARN_COMMA = YES;
				CLANG_WARN_CONSTANT_CONVERSION = YES;
				CLANG_WARN_DEPRECATED_OBJC_IMPLEMENTATIONS = YES;
				CLANG_WARN_DIRECT_OBJC_ISA_USAGE = YES_ERROR;
				CLANG_WARN_DOCUMENTATION_COMMENTS = YES;
				CLANG_WARN_EMPTY_BODY = YES;
				CLANG_WARN_ENUM_CONVERSION = YES;
				CLANG_WARN_INFINITE_RECURSION = YES;
				CLANG_WARN_INT_CONVERSION = YES;
				CLANG_WARN_NON_LITERAL_NULL_CONVERSION = YES;
				CLANG_WARN_OBJC_IMPLICIT_RETAIN_SELF = YES;
				CLANG_WARN_OBJC_LITERAL_CONVERSION = YES;
				CLANG_WARN_OBJC_ROOT_CLASS = YES_ERROR;
				CLANG_WARN_RANGE_LOOP_ANALYSIS = YES;
				CLANG_WARN_STRICT_PROTOTYPES = YES;
				CLANG_WARN_SUSPICIOUS_MOVE = YES;
				CLANG_WARN_UNGUARDED_AVAILABILITY = YES_AGGRESSIVE;
				CLANG_WARN_UNREACHABLE_CODE = YES;
				CLANG_WARN__DUPLICATE_METHOD_MATCH = YES;
				COPY_PHASE_STRIP = NO;
				DEBUG_INFORMATION_FORMAT = dwarf;
				ENABLE_STRICT_OBJC_MSGSEND = YES;
				ENABLE_TESTABILITY = YES;
				GCC_C_LANGUAGE_STANDARD = gnu11;
				GCC_DYNAMIC_NO_PIC = NO;
				GCC_NO_COMMON_BLOCKS = YES;
				GCC_OPTIMIZATION_LEVEL = 0;
				GCC_PREPROCESSOR_DEFINITIONS = (
					"DEBUG=1",
					"$(inherited)",
				);
				GCC_WARN_64_TO_32_BIT_CONVERSION = YES;
				GCC_WARN_ABOUT_RETURN_TYPE = YES_ERROR;
				GCC_WARN_UNDECLARED_SELECTOR = YES;
				GCC_WARN_UNINITIALIZED_AUTOS = YES_AGGRESSIVE;
				GCC_WARN_UNUSED_FUNCTION = YES;
				GCC_WARN_UNUSED_VARIABLE = YES;
				IPHONEOS_DEPLOYMENT_TARGET = 13.3;
				MTL_ENABLE_DEBUG_INFO = INCLUDE_SOURCE;
				MTL_FAST_MATH = YES;
				ONLY_ACTIVE_ARCH = YES;
				SDKROOT = iphoneos;
				SWIFT_ACTIVE_COMPILATION_CONDITIONS = DEBUG;
				SWIFT_OPTIMIZATION_LEVEL = "-Onone";
			};
			name = Debug;
		};
		BE792721247EE5610079652C /* Release */ = {
			isa = XCBuildConfiguration;
			buildSettings = {
				ALWAYS_SEARCH_USER_PATHS = NO;
				CLANG_ANALYZER_NONNULL = YES;
				CLANG_ANALYZER_NUMBER_OBJECT_CONVERSION = YES_AGGRESSIVE;
				CLANG_CXX_LANGUAGE_STANDARD = "gnu++14";
				CLANG_CXX_LIBRARY = "libc++";
				CLANG_ENABLE_MODULES = YES;
				CLANG_ENABLE_OBJC_ARC = YES;
				CLANG_ENABLE_OBJC_WEAK = YES;
				CLANG_WARN_BLOCK_CAPTURE_AUTORELEASING = YES;
				CLANG_WARN_BOOL_CONVERSION = YES;
				CLANG_WARN_COMMA = YES;
				CLANG_WARN_CONSTANT_CONVERSION = YES;
				CLANG_WARN_DEPRECATED_OBJC_IMPLEMENTATIONS = YES;
				CLANG_WARN_DIRECT_OBJC_ISA_USAGE = YES_ERROR;
				CLANG_WARN_DOCUMENTATION_COMMENTS = YES;
				CLANG_WARN_EMPTY_BODY = YES;
				CLANG_WARN_ENUM_CONVERSION = YES;
				CLANG_WARN_INFINITE_RECURSION = YES;
				CLANG_WARN_INT_CONVERSION = YES;
				CLANG_WARN_NON_LITERAL_NULL_CONVERSION = YES;
				CLANG_WARN_OBJC_IMPLICIT_RETAIN_SELF = YES;
				CLANG_WARN_OBJC_LITERAL_CONVERSION = YES;
				CLANG_WARN_OBJC_ROOT_CLASS = YES_ERROR;
				CLANG_WARN_RANGE_LOOP_ANALYSIS = YES;
				CLANG_WARN_STRICT_PROTOTYPES = YES;
				CLANG_WARN_SUSPICIOUS_MOVE = YES;
				CLANG_WARN_UNGUARDED_AVAILABILITY = YES_AGGRESSIVE;
				CLANG_WARN_UNREACHABLE_CODE = YES;
				CLANG_WARN__DUPLICATE_METHOD_MATCH = YES;
				COPY_PHASE_STRIP = NO;
				DEBUG_INFORMATION_FORMAT = "dwarf-with-dsym";
				ENABLE_NS_ASSERTIONS = NO;
				ENABLE_STRICT_OBJC_MSGSEND = YES;
				GCC_C_LANGUAGE_STANDARD = gnu11;
				GCC_NO_COMMON_BLOCKS = YES;
				GCC_WARN_64_TO_32_BIT_CONVERSION = YES;
				GCC_WARN_ABOUT_RETURN_TYPE = YES_ERROR;
				GCC_WARN_UNDECLARED_SELECTOR = YES;
				GCC_WARN_UNINITIALIZED_AUTOS = YES_AGGRESSIVE;
				GCC_WARN_UNUSED_FUNCTION = YES;
				GCC_WARN_UNUSED_VARIABLE = YES;
				IPHONEOS_DEPLOYMENT_TARGET = 13.3;
				MTL_ENABLE_DEBUG_INFO = NO;
				MTL_FAST_MATH = YES;
				SDKROOT = iphoneos;
				SWIFT_COMPILATION_MODE = wholemodule;
				SWIFT_OPTIMIZATION_LEVEL = "-O";
				VALIDATE_PRODUCT = YES;
			};
			name = Release;
		};
		BE792723247EE5610079652C /* Debug */ = {
			isa = XCBuildConfiguration;
			baseConfigurationReference = 86CD793C347B4292285E0E0E /* Pods-Speezy.debug.xcconfig */;
			buildSettings = {
				ASSETCATALOG_COMPILER_APPICON_NAME = AppIcon;
				CODE_SIGN_STYLE = Automatic;
				CURRENT_PROJECT_VERSION = 6;
				DEVELOPMENT_TEAM = 5P5MB2LN99;
				INFOPLIST_FILE = Speezy/Info.plist;
				LD_RUNPATH_SEARCH_PATHS = (
					"$(inherited)",
					"@executable_path/Frameworks",
				);
				PRODUCT_BUNDLE_IDENTIFIER = com.speezy.Speezy;
				PRODUCT_NAME = "$(TARGET_NAME)";
				SWIFT_VERSION = 5.0;
				TARGETED_DEVICE_FAMILY = 1;
			};
			name = Debug;
		};
		BE792724247EE5610079652C /* Release */ = {
			isa = XCBuildConfiguration;
			baseConfigurationReference = 3D45BDB346AA201D63840DD4 /* Pods-Speezy.release.xcconfig */;
			buildSettings = {
				ASSETCATALOG_COMPILER_APPICON_NAME = AppIcon;
				CODE_SIGN_STYLE = Automatic;
				CURRENT_PROJECT_VERSION = 6;
				DEVELOPMENT_TEAM = 5P5MB2LN99;
				INFOPLIST_FILE = Speezy/Info.plist;
				LD_RUNPATH_SEARCH_PATHS = (
					"$(inherited)",
					"@executable_path/Frameworks",
				);
				PRODUCT_BUNDLE_IDENTIFIER = com.speezy.Speezy;
				PRODUCT_NAME = "$(TARGET_NAME)";
				SWIFT_VERSION = 5.0;
				TARGETED_DEVICE_FAMILY = 1;
			};
			name = Release;
		};
		BE792726247EE5610079652C /* Debug */ = {
			isa = XCBuildConfiguration;
			baseConfigurationReference = 0C9D8D96E584A10ABE2B3B59 /* Pods-SpeezyTests.debug.xcconfig */;
			buildSettings = {
				ALWAYS_EMBED_SWIFT_STANDARD_LIBRARIES = YES;
				BUNDLE_LOADER = "$(TEST_HOST)";
				CODE_SIGN_STYLE = Automatic;
				INFOPLIST_FILE = SpeezyTests/Info.plist;
				IPHONEOS_DEPLOYMENT_TARGET = 13.4;
				LD_RUNPATH_SEARCH_PATHS = (
					"$(inherited)",
					"@executable_path/Frameworks",
					"@loader_path/Frameworks",
				);
				PRODUCT_BUNDLE_IDENTIFIER = com.speezy.SpeezyTests;
				PRODUCT_NAME = "$(TARGET_NAME)";
				SWIFT_VERSION = 5.0;
				TARGETED_DEVICE_FAMILY = "1,2";
				TEST_HOST = "$(BUILT_PRODUCTS_DIR)/Speezy.app/Speezy";
			};
			name = Debug;
		};
		BE792727247EE5610079652C /* Release */ = {
			isa = XCBuildConfiguration;
			baseConfigurationReference = 09DA04407E481FEBE52FEC1E /* Pods-SpeezyTests.release.xcconfig */;
			buildSettings = {
				ALWAYS_EMBED_SWIFT_STANDARD_LIBRARIES = YES;
				BUNDLE_LOADER = "$(TEST_HOST)";
				CODE_SIGN_STYLE = Automatic;
				INFOPLIST_FILE = SpeezyTests/Info.plist;
				IPHONEOS_DEPLOYMENT_TARGET = 13.4;
				LD_RUNPATH_SEARCH_PATHS = (
					"$(inherited)",
					"@executable_path/Frameworks",
					"@loader_path/Frameworks",
				);
				PRODUCT_BUNDLE_IDENTIFIER = com.speezy.SpeezyTests;
				PRODUCT_NAME = "$(TARGET_NAME)";
				SWIFT_VERSION = 5.0;
				TARGETED_DEVICE_FAMILY = "1,2";
				TEST_HOST = "$(BUILT_PRODUCTS_DIR)/Speezy.app/Speezy";
			};
			name = Release;
		};
/* End XCBuildConfiguration section */

/* Begin XCConfigurationList section */
		BE7926FE247EE55F0079652C /* Build configuration list for PBXProject "Speezy" */ = {
			isa = XCConfigurationList;
			buildConfigurations = (
				BE792720247EE5610079652C /* Debug */,
				BE792721247EE5610079652C /* Release */,
			);
			defaultConfigurationIsVisible = 0;
			defaultConfigurationName = Release;
		};
		BE792722247EE5610079652C /* Build configuration list for PBXNativeTarget "Speezy" */ = {
			isa = XCConfigurationList;
			buildConfigurations = (
				BE792723247EE5610079652C /* Debug */,
				BE792724247EE5610079652C /* Release */,
			);
			defaultConfigurationIsVisible = 0;
			defaultConfigurationName = Release;
		};
		BE792725247EE5610079652C /* Build configuration list for PBXNativeTarget "SpeezyTests" */ = {
			isa = XCConfigurationList;
			buildConfigurations = (
				BE792726247EE5610079652C /* Debug */,
				BE792727247EE5610079652C /* Release */,
			);
			defaultConfigurationIsVisible = 0;
			defaultConfigurationName = Release;
		};
/* End XCConfigurationList section */
	};
	rootObject = BE7926FB247EE55F0079652C /* Project object */;
}
